
Microsoft Visual Studio Solution File, Format Version 12.00
# Visual Studio 14
VisualStudioVersion = 14.0.25420.1
MinimumVisualStudioVersion = 10.0.40219.1
Project("{8BC9CEB8-8B4A-11D0-8D11-00A0C91BC942}") = "Sandbox", "Sandbox\Sandbox.vcxproj", "{A636AB38-0ED2-41C9-A5FA-8B7725D79B1A}"
EndProject
Project("{8BC9CEB8-8B4A-11D0-8D11-00A0C91BC942}") = "01-01_DataType_Operators", "01-01_DataType_Operators\01-01_DataType_Operators.vcxproj", "{D9490196-3CA6-4BA6-A3DA-4CBCF8568D57}"
EndProject
Project("{8BC9CEB8-8B4A-11D0-8D11-00A0C91BC942}") = "01-02_DataType_PrintAddress", "01-02_DataType_PrintAddress\01-02_DataType_PrintAddress.vcxproj", "{64049F05-6B18-48F6-87DE-8ED2389451E0}"
EndProject
Project("{8BC9CEB8-8B4A-11D0-8D11-00A0C91BC942}") = "02-01_Functions_swap", "02-01_Functions_swap\02-01_Functions_swap.vcxproj", "{AE988904-2A1D-4F18-B3ED-09688C834598}"
EndProject
Project("{8BC9CEB8-8B4A-11D0-8D11-00A0C91BC942}") = "02-02_Functions_swap", "02-02_Functions_swap\02-02_Functions_swap.vcxproj", "{698A682C-72AF-4512-97DD-71969D34B004}"
EndProject
Project("{8BC9CEB8-8B4A-11D0-8D11-00A0C91BC942}") = "02-03_Functions_PolarCoords", "02-03_Functions_PolarCoords\02-03_Functions_PolarCoords.vcxproj", "{9A2B93CE-B13B-4378-8D68-EDAA3A1B4433}"
EndProject
Project("{8BC9CEB8-8B4A-11D0-8D11-00A0C91BC942}") = "03-01_Arrays_Sum", "03-01_Arrays_Sum\03-01_Arrays_Sum.vcxproj", "{33B96E42-1CD0-472B-AC7E-A1E31AEBDE10}"
EndProject
Project("{8BC9CEB8-8B4A-11D0-8D11-00A0C91BC942}") = "03-02_Arrays_Sum", "03-02_Arrays_Sum\03-02_Arrays_Sum.vcxproj", "{51C27A07-8E8D-4499-BB88-A1E7B9714D5F}"
EndProject
Project("{8BC9CEB8-8B4A-11D0-8D11-00A0C91BC942}") = "03-03_Arrays_Sum", "03-03_Arrays_Sum\03-03_Arrays_Sum.vcxproj", "{7E794F17-DD9B-47B3-8008-47DA5D5996F1}"
EndProject
Project("{8BC9CEB8-8B4A-11D0-8D11-00A0C91BC942}") = "03-04_Arrays_ConstPointer", "03-04_Arrays_ConstPointer\03-04_Arrays_ConstPointer.vcxproj", "{1CFF7392-E170-47C5-879D-1822704C92D8}"
EndProject
Project("{8BC9CEB8-8B4A-11D0-8D11-00A0C91BC942}") = "03-05_Arrays_MinMax", "03-05_Arrays_MinMax\03-05_Arrays_MinMax.vcxproj", "{F2B6433E-110E-4E6C-91E6-8B55986181A2}"
EndProject
Project("{8BC9CEB8-8B4A-11D0-8D11-00A0C91BC942}") = "03-06_Arrays_MinMax", "03-06_Arrays_MinMax\03-06_Arrays_MinMax.vcxproj", "{B33557F0-286B-48CD-B316-3FD93B087030}"
EndProject
Project("{8BC9CEB8-8B4A-11D0-8D11-00A0C91BC942}") = "03-07_Arrays_Random", "03-07_Arrays_Random\03-07_Arrays_Random.vcxproj", "{A26EA5E1-086E-42D2-BFE9-381D01627692}"
EndProject
Project("{8BC9CEB8-8B4A-11D0-8D11-00A0C91BC942}") = "04-01_Multi_Pointers", "04-01_Multi_Pointers\04-01_Multi_Pointers.vcxproj", "{589C2BDC-069C-4BFD-A9DB-B4D858E91E8B}"
EndProject
Project("{8BC9CEB8-8B4A-11D0-8D11-00A0C91BC942}") = "04-02_Multi_Sum", "04-02_Multi_Sum\04-02_Multi_Sum.vcxproj", "{F1009A98-0305-4778-8FB1-FC88FC8543EB}"
EndProject
Project("{8BC9CEB8-8B4A-11D0-8D11-00A0C91BC942}") = "04-03_Multi_Sum", "04-03_Multi_Sum\04-03_Multi_Sum.vcxproj", "{62C556F5-D4FF-4DF7-9318-11896CF83909}"
EndProject
Project("{8BC9CEB8-8B4A-11D0-8D11-00A0C91BC942}") = "04-04_Multi_PrintMatrix", "04-04_Multi_PrintMatrix\04-04_Multi_PrintMatrix.vcxproj", "{D6C96339-F188-4702-9C25-1883ECA0B596}"
EndProject
Project("{8BC9CEB8-8B4A-11D0-8D11-00A0C91BC942}") = "05-01_Strings_Length", "05-01_Strings_Length\05-01_Strings_Length.vcxproj", "{2DDB3232-027D-4D30-A1BA-1D93DDDDF6D1}"
EndProject
Global
	GlobalSection(SolutionConfigurationPlatforms) = preSolution
		Debug|x64 = Debug|x64
		Debug|x86 = Debug|x86
		Release|x64 = Release|x64
		Release|x86 = Release|x86
	EndGlobalSection
	GlobalSection(ProjectConfigurationPlatforms) = postSolution
		{A636AB38-0ED2-41C9-A5FA-8B7725D79B1A}.Debug|x64.ActiveCfg = Debug|x64
		{A636AB38-0ED2-41C9-A5FA-8B7725D79B1A}.Debug|x64.Build.0 = Debug|x64
		{A636AB38-0ED2-41C9-A5FA-8B7725D79B1A}.Debug|x86.ActiveCfg = Debug|Win32
		{A636AB38-0ED2-41C9-A5FA-8B7725D79B1A}.Debug|x86.Build.0 = Debug|Win32
		{A636AB38-0ED2-41C9-A5FA-8B7725D79B1A}.Release|x64.ActiveCfg = Release|x64
		{A636AB38-0ED2-41C9-A5FA-8B7725D79B1A}.Release|x64.Build.0 = Release|x64
		{A636AB38-0ED2-41C9-A5FA-8B7725D79B1A}.Release|x86.ActiveCfg = Release|Win32
		{A636AB38-0ED2-41C9-A5FA-8B7725D79B1A}.Release|x86.Build.0 = Release|Win32
		{D9490196-3CA6-4BA6-A3DA-4CBCF8568D57}.Debug|x64.ActiveCfg = Debug|x64
		{D9490196-3CA6-4BA6-A3DA-4CBCF8568D57}.Debug|x64.Build.0 = Debug|x64
		{D9490196-3CA6-4BA6-A3DA-4CBCF8568D57}.Debug|x86.ActiveCfg = Debug|Win32
		{D9490196-3CA6-4BA6-A3DA-4CBCF8568D57}.Debug|x86.Build.0 = Debug|Win32
		{D9490196-3CA6-4BA6-A3DA-4CBCF8568D57}.Release|x64.ActiveCfg = Release|x64
		{D9490196-3CA6-4BA6-A3DA-4CBCF8568D57}.Release|x64.Build.0 = Release|x64
		{D9490196-3CA6-4BA6-A3DA-4CBCF8568D57}.Release|x86.ActiveCfg = Release|Win32
		{D9490196-3CA6-4BA6-A3DA-4CBCF8568D57}.Release|x86.Build.0 = Release|Win32
		{64049F05-6B18-48F6-87DE-8ED2389451E0}.Debug|x64.ActiveCfg = Debug|x64
		{64049F05-6B18-48F6-87DE-8ED2389451E0}.Debug|x64.Build.0 = Debug|x64
		{64049F05-6B18-48F6-87DE-8ED2389451E0}.Debug|x86.ActiveCfg = Debug|Win32
		{64049F05-6B18-48F6-87DE-8ED2389451E0}.Debug|x86.Build.0 = Debug|Win32
		{64049F05-6B18-48F6-87DE-8ED2389451E0}.Release|x64.ActiveCfg = Release|x64
		{64049F05-6B18-48F6-87DE-8ED2389451E0}.Release|x64.Build.0 = Release|x64
		{64049F05-6B18-48F6-87DE-8ED2389451E0}.Release|x86.ActiveCfg = Release|Win32
		{64049F05-6B18-48F6-87DE-8ED2389451E0}.Release|x86.Build.0 = Release|Win32
		{AE988904-2A1D-4F18-B3ED-09688C834598}.Debug|x64.ActiveCfg = Debug|x64
		{AE988904-2A1D-4F18-B3ED-09688C834598}.Debug|x64.Build.0 = Debug|x64
		{AE988904-2A1D-4F18-B3ED-09688C834598}.Debug|x86.ActiveCfg = Debug|Win32
		{AE988904-2A1D-4F18-B3ED-09688C834598}.Debug|x86.Build.0 = Debug|Win32
		{AE988904-2A1D-4F18-B3ED-09688C834598}.Release|x64.ActiveCfg = Release|x64
		{AE988904-2A1D-4F18-B3ED-09688C834598}.Release|x64.Build.0 = Release|x64
		{AE988904-2A1D-4F18-B3ED-09688C834598}.Release|x86.ActiveCfg = Release|Win32
		{AE988904-2A1D-4F18-B3ED-09688C834598}.Release|x86.Build.0 = Release|Win32
		{698A682C-72AF-4512-97DD-71969D34B004}.Debug|x64.ActiveCfg = Debug|x64
		{698A682C-72AF-4512-97DD-71969D34B004}.Debug|x64.Build.0 = Debug|x64
		{698A682C-72AF-4512-97DD-71969D34B004}.Debug|x86.ActiveCfg = Debug|Win32
		{698A682C-72AF-4512-97DD-71969D34B004}.Debug|x86.Build.0 = Debug|Win32
		{698A682C-72AF-4512-97DD-71969D34B004}.Release|x64.ActiveCfg = Release|x64
		{698A682C-72AF-4512-97DD-71969D34B004}.Release|x64.Build.0 = Release|x64
		{698A682C-72AF-4512-97DD-71969D34B004}.Release|x86.ActiveCfg = Release|Win32
		{698A682C-72AF-4512-97DD-71969D34B004}.Release|x86.Build.0 = Release|Win32
		{9A2B93CE-B13B-4378-8D68-EDAA3A1B4433}.Debug|x64.ActiveCfg = Debug|x64
		{9A2B93CE-B13B-4378-8D68-EDAA3A1B4433}.Debug|x64.Build.0 = Debug|x64
		{9A2B93CE-B13B-4378-8D68-EDAA3A1B4433}.Debug|x86.ActiveCfg = Debug|Win32
		{9A2B93CE-B13B-4378-8D68-EDAA3A1B4433}.Debug|x86.Build.0 = Debug|Win32
		{9A2B93CE-B13B-4378-8D68-EDAA3A1B4433}.Release|x64.ActiveCfg = Release|x64
		{9A2B93CE-B13B-4378-8D68-EDAA3A1B4433}.Release|x64.Build.0 = Release|x64
		{9A2B93CE-B13B-4378-8D68-EDAA3A1B4433}.Release|x86.ActiveCfg = Release|Win32
		{9A2B93CE-B13B-4378-8D68-EDAA3A1B4433}.Release|x86.Build.0 = Release|Win32
		{33B96E42-1CD0-472B-AC7E-A1E31AEBDE10}.Debug|x64.ActiveCfg = Debug|x64
		{33B96E42-1CD0-472B-AC7E-A1E31AEBDE10}.Debug|x64.Build.0 = Debug|x64
		{33B96E42-1CD0-472B-AC7E-A1E31AEBDE10}.Debug|x86.ActiveCfg = Debug|Win32
		{33B96E42-1CD0-472B-AC7E-A1E31AEBDE10}.Debug|x86.Build.0 = Debug|Win32
		{33B96E42-1CD0-472B-AC7E-A1E31AEBDE10}.Release|x64.ActiveCfg = Release|x64
		{33B96E42-1CD0-472B-AC7E-A1E31AEBDE10}.Release|x64.Build.0 = Release|x64
		{33B96E42-1CD0-472B-AC7E-A1E31AEBDE10}.Release|x86.ActiveCfg = Release|Win32
		{33B96E42-1CD0-472B-AC7E-A1E31AEBDE10}.Release|x86.Build.0 = Release|Win32
		{51C27A07-8E8D-4499-BB88-A1E7B9714D5F}.Debug|x64.ActiveCfg = Debug|x64
		{51C27A07-8E8D-4499-BB88-A1E7B9714D5F}.Debug|x64.Build.0 = Debug|x64
		{51C27A07-8E8D-4499-BB88-A1E7B9714D5F}.Debug|x86.ActiveCfg = Debug|Win32
		{51C27A07-8E8D-4499-BB88-A1E7B9714D5F}.Debug|x86.Build.0 = Debug|Win32
		{51C27A07-8E8D-4499-BB88-A1E7B9714D5F}.Release|x64.ActiveCfg = Release|x64
		{51C27A07-8E8D-4499-BB88-A1E7B9714D5F}.Release|x64.Build.0 = Release|x64
		{51C27A07-8E8D-4499-BB88-A1E7B9714D5F}.Release|x86.ActiveCfg = Release|Win32
		{51C27A07-8E8D-4499-BB88-A1E7B9714D5F}.Release|x86.Build.0 = Release|Win32
		{7E794F17-DD9B-47B3-8008-47DA5D5996F1}.Debug|x64.ActiveCfg = Debug|x64
		{7E794F17-DD9B-47B3-8008-47DA5D5996F1}.Debug|x64.Build.0 = Debug|x64
		{7E794F17-DD9B-47B3-8008-47DA5D5996F1}.Debug|x86.ActiveCfg = Debug|Win32
		{7E794F17-DD9B-47B3-8008-47DA5D5996F1}.Debug|x86.Build.0 = Debug|Win32
		{7E794F17-DD9B-47B3-8008-47DA5D5996F1}.Release|x64.ActiveCfg = Release|x64
		{7E794F17-DD9B-47B3-8008-47DA5D5996F1}.Release|x64.Build.0 = Release|x64
		{7E794F17-DD9B-47B3-8008-47DA5D5996F1}.Release|x86.ActiveCfg = Release|Win32
		{7E794F17-DD9B-47B3-8008-47DA5D5996F1}.Release|x86.Build.0 = Release|Win32
		{1CFF7392-E170-47C5-879D-1822704C92D8}.Debug|x64.ActiveCfg = Debug|x64
		{1CFF7392-E170-47C5-879D-1822704C92D8}.Debug|x64.Build.0 = Debug|x64
		{1CFF7392-E170-47C5-879D-1822704C92D8}.Debug|x86.ActiveCfg = Debug|Win32
		{1CFF7392-E170-47C5-879D-1822704C92D8}.Debug|x86.Build.0 = Debug|Win32
		{1CFF7392-E170-47C5-879D-1822704C92D8}.Release|x64.ActiveCfg = Release|x64
		{1CFF7392-E170-47C5-879D-1822704C92D8}.Release|x64.Build.0 = Release|x64
		{1CFF7392-E170-47C5-879D-1822704C92D8}.Release|x86.ActiveCfg = Release|Win32
		{1CFF7392-E170-47C5-879D-1822704C92D8}.Release|x86.Build.0 = Release|Win32
		{F2B6433E-110E-4E6C-91E6-8B55986181A2}.Debug|x64.ActiveCfg = Debug|x64
		{F2B6433E-110E-4E6C-91E6-8B55986181A2}.Debug|x64.Build.0 = Debug|x64
		{F2B6433E-110E-4E6C-91E6-8B55986181A2}.Debug|x86.ActiveCfg = Debug|Win32
		{F2B6433E-110E-4E6C-91E6-8B55986181A2}.Debug|x86.Build.0 = Debug|Win32
		{F2B6433E-110E-4E6C-91E6-8B55986181A2}.Release|x64.ActiveCfg = Release|x64
		{F2B6433E-110E-4E6C-91E6-8B55986181A2}.Release|x64.Build.0 = Release|x64
		{F2B6433E-110E-4E6C-91E6-8B55986181A2}.Release|x86.ActiveCfg = Release|Win32
		{F2B6433E-110E-4E6C-91E6-8B55986181A2}.Release|x86.Build.0 = Release|Win32
		{B33557F0-286B-48CD-B316-3FD93B087030}.Debug|x64.ActiveCfg = Debug|x64
		{B33557F0-286B-48CD-B316-3FD93B087030}.Debug|x64.Build.0 = Debug|x64
		{B33557F0-286B-48CD-B316-3FD93B087030}.Debug|x86.ActiveCfg = Debug|Win32
		{B33557F0-286B-48CD-B316-3FD93B087030}.Debug|x86.Build.0 = Debug|Win32
		{B33557F0-286B-48CD-B316-3FD93B087030}.Release|x64.ActiveCfg = Release|x64
		{B33557F0-286B-48CD-B316-3FD93B087030}.Release|x64.Build.0 = Release|x64
		{B33557F0-286B-48CD-B316-3FD93B087030}.Release|x86.ActiveCfg = Release|Win32
		{B33557F0-286B-48CD-B316-3FD93B087030}.Release|x86.Build.0 = Release|Win32
		{A26EA5E1-086E-42D2-BFE9-381D01627692}.Debug|x64.ActiveCfg = Debug|x64
		{A26EA5E1-086E-42D2-BFE9-381D01627692}.Debug|x64.Build.0 = Debug|x64
		{A26EA5E1-086E-42D2-BFE9-381D01627692}.Debug|x86.ActiveCfg = Debug|Win32
		{A26EA5E1-086E-42D2-BFE9-381D01627692}.Debug|x86.Build.0 = Debug|Win32
		{A26EA5E1-086E-42D2-BFE9-381D01627692}.Release|x64.ActiveCfg = Release|x64
		{A26EA5E1-086E-42D2-BFE9-381D01627692}.Release|x64.Build.0 = Release|x64
		{A26EA5E1-086E-42D2-BFE9-381D01627692}.Release|x86.ActiveCfg = Release|Win32
		{A26EA5E1-086E-42D2-BFE9-381D01627692}.Release|x86.Build.0 = Release|Win32
		{589C2BDC-069C-4BFD-A9DB-B4D858E91E8B}.Debug|x64.ActiveCfg = Debug|x64
		{589C2BDC-069C-4BFD-A9DB-B4D858E91E8B}.Debug|x64.Build.0 = Debug|x64
		{589C2BDC-069C-4BFD-A9DB-B4D858E91E8B}.Debug|x86.ActiveCfg = Debug|Win32
		{589C2BDC-069C-4BFD-A9DB-B4D858E91E8B}.Debug|x86.Build.0 = Debug|Win32
		{589C2BDC-069C-4BFD-A9DB-B4D858E91E8B}.Release|x64.ActiveCfg = Release|x64
		{589C2BDC-069C-4BFD-A9DB-B4D858E91E8B}.Release|x64.Build.0 = Release|x64
		{589C2BDC-069C-4BFD-A9DB-B4D858E91E8B}.Release|x86.ActiveCfg = Release|Win32
		{589C2BDC-069C-4BFD-A9DB-B4D858E91E8B}.Release|x86.Build.0 = Release|Win32
		{F1009A98-0305-4778-8FB1-FC88FC8543EB}.Debug|x64.ActiveCfg = Debug|x64
		{F1009A98-0305-4778-8FB1-FC88FC8543EB}.Debug|x64.Build.0 = Debug|x64
		{F1009A98-0305-4778-8FB1-FC88FC8543EB}.Debug|x86.ActiveCfg = Debug|Win32
		{F1009A98-0305-4778-8FB1-FC88FC8543EB}.Debug|x86.Build.0 = Debug|Win32
		{F1009A98-0305-4778-8FB1-FC88FC8543EB}.Release|x64.ActiveCfg = Release|x64
		{F1009A98-0305-4778-8FB1-FC88FC8543EB}.Release|x64.Build.0 = Release|x64
		{F1009A98-0305-4778-8FB1-FC88FC8543EB}.Release|x86.ActiveCfg = Release|Win32
		{F1009A98-0305-4778-8FB1-FC88FC8543EB}.Release|x86.Build.0 = Release|Win32
		{62C556F5-D4FF-4DF7-9318-11896CF83909}.Debug|x64.ActiveCfg = Debug|x64
		{62C556F5-D4FF-4DF7-9318-11896CF83909}.Debug|x64.Build.0 = Debug|x64
		{62C556F5-D4FF-4DF7-9318-11896CF83909}.Debug|x86.ActiveCfg = Debug|Win32
		{62C556F5-D4FF-4DF7-9318-11896CF83909}.Debug|x86.Build.0 = Debug|Win32
		{62C556F5-D4FF-4DF7-9318-11896CF83909}.Release|x64.ActiveCfg = Release|x64
		{62C556F5-D4FF-4DF7-9318-11896CF83909}.Release|x64.Build.0 = Release|x64
		{62C556F5-D4FF-4DF7-9318-11896CF83909}.Release|x86.ActiveCfg = Release|Win32
		{62C556F5-D4FF-4DF7-9318-11896CF83909}.Release|x86.Build.0 = Release|Win32
		{D6C96339-F188-4702-9C25-1883ECA0B596}.Debug|x64.ActiveCfg = Debug|x64
		{D6C96339-F188-4702-9C25-1883ECA0B596}.Debug|x64.Build.0 = Debug|x64
		{D6C96339-F188-4702-9C25-1883ECA0B596}.Debug|x86.ActiveCfg = Debug|Win32
		{D6C96339-F188-4702-9C25-1883ECA0B596}.Debug|x86.Build.0 = Debug|Win32
		{D6C96339-F188-4702-9C25-1883ECA0B596}.Release|x64.ActiveCfg = Release|x64
		{D6C96339-F188-4702-9C25-1883ECA0B596}.Release|x64.Build.0 = Release|x64
		{D6C96339-F188-4702-9C25-1883ECA0B596}.Release|x86.ActiveCfg = Release|Win32
		{D6C96339-F188-4702-9C25-1883ECA0B596}.Release|x86.Build.0 = Release|Win32
		{2DDB3232-027D-4D30-A1BA-1D93DDDDF6D1}.Debug|x64.ActiveCfg = Debug|x64
		{2DDB3232-027D-4D30-A1BA-1D93DDDDF6D1}.Debug|x64.Build.0 = Debug|x64
		{2DDB3232-027D-4D30-A1BA-1D93DDDDF6D1}.Debug|x86.ActiveCfg = Debug|Win32
		{2DDB3232-027D-4D30-A1BA-1D93DDDDF6D1}.Debug|x86.Build.0 = Debug|Win32
		{2DDB3232-027D-4D30-A1BA-1D93DDDDF6D1}.Release|x64.ActiveCfg = Release|x64
		{2DDB3232-027D-4D30-A1BA-1D93DDDDF6D1}.Release|x64.Build.0 = Release|x64
		{2DDB3232-027D-4D30-A1BA-1D93DDDDF6D1}.Release|x86.ActiveCfg = Release|Win32
		{2DDB3232-027D-4D30-A1BA-1D93DDDDF6D1}.Release|x86.Build.0 = Release|Win32
	EndGlobalSection
	GlobalSection(SolutionProperties) = preSolution
		HideSolutionNode = FALSE
	EndGlobalSection
EndGlobal
