
Microsoft Visual Studio Solution File, Format Version 12.00
# Visual Studio 14
VisualStudioVersion = 14.0.25420.1
MinimumVisualStudioVersion = 10.0.40219.1
Project("{8BC9CEB8-8B4A-11D0-8D11-00A0C91BC942}") = "Sandbox", "Sandbox\Sandbox.vcxproj", "{4F47A557-7572-4B14-BCD7-E6B8A86EE731}"
EndProject
Project("{8BC9CEB8-8B4A-11D0-8D11-00A0C91BC942}") = "01-01_MinimalProgram", "01-01_MinimalProgram\01-01_MinimalProgram.vcxproj", "{C3EC15F6-46DA-439D-A4F9-7D933AC806C1}"
EndProject
Project("{8BC9CEB8-8B4A-11D0-8D11-00A0C91BC942}") = "02-01_Integers_Print", "02-01_Integers_Print\02-01_Integers_Print.vcxproj", "{5DB354FC-B0CC-4D58-B121-4D04913FDDBB}"
EndProject
Project("{8BC9CEB8-8B4A-11D0-8D11-00A0C91BC942}") = "02-02_Integers_Calendar", "02-02_Integers_Calendar\02-02_Integers_Calendar.vcxproj", "{D2D3C28C-11C2-4415-A560-D4B97B700FCF}"
EndProject
Project("{8BC9CEB8-8B4A-11D0-8D11-00A0C91BC942}") = "02-03_Integers_BankAccount", "02-03_Integers_BankAccount\02-03_Integers_BankAccount.vcxproj", "{BA3587E0-45D8-484F-AFB6-5EBBF6101C98}"
EndProject
Project("{8BC9CEB8-8B4A-11D0-8D11-00A0C91BC942}") = "03-01_Float_BankAccount", "03-01_Float_BankAccount\03-01_Float_BankAccount.vcxproj", "{89FEC90E-038E-4672-A88E-F808FE09427E}"
EndProject
Project("{8BC9CEB8-8B4A-11D0-8D11-00A0C91BC942}") = "03-02_Float_Running", "03-02_Float_Running\03-02_Float_Running.vcxproj", "{1C3D12DD-357D-4929-9465-B76A5BBFAE47}"
EndProject
Project("{8BC9CEB8-8B4A-11D0-8D11-00A0C91BC942}") = "03-03_Float_Circle", "03-03_Float_Circle\03-03_Float_Circle.vcxproj", "{D89A8953-11B0-40B5-B172-21CBBDD6F18C}"
EndProject
Project("{8BC9CEB8-8B4A-11D0-8D11-00A0C91BC942}") = "04-01_Input_Age", "04-01_Input_Age\04-01_Input_Age.vcxproj", "{D448DC6C-ADA5-49AB-9DA7-077BA1552494}"
EndProject
Project("{8BC9CEB8-8B4A-11D0-8D11-00A0C91BC942}") = "04-02_Input_Age", "04-02_Input_Age\04-02_Input_Age.vcxproj", "{2E151386-E5D3-4539-8670-8C54785108DD}"
EndProject
Project("{8BC9CEB8-8B4A-11D0-8D11-00A0C91BC942}") = "04-03_Input_Circle", "04-03_Input_Circle\04-03_Input_Circle.vcxproj", "{9A16A2CD-3441-4D15-ACE9-87E589C8218D}"
EndProject
Project("{8BC9CEB8-8B4A-11D0-8D11-00A0C91BC942}") = "04-04_Input_Running", "04-04_Input_Running\04-04_Input_Running.vcxproj", "{271F5AA6-48F8-4963-B947-76FDCD06DED2}"
EndProject
Project("{8BC9CEB8-8B4A-11D0-8D11-00A0C91BC942}") = "05-01_Integers_DataSizes", "05-01_Integers_DataSizes\05-01_Integers_DataSizes.vcxproj", "{BC02950C-7084-41F2-85E1-2117E10DB06D}"
EndProject
Project("{8BC9CEB8-8B4A-11D0-8D11-00A0C91BC942}") = "05-02_Integers_Overflow", "05-02_Integers_Overflow\05-02_Integers_Overflow.vcxproj", "{C6D6CF3E-913A-4F98-ABCB-946F248E0C57}"
EndProject
Project("{8BC9CEB8-8B4A-11D0-8D11-00A0C91BC942}") = "06-01_Char_Definition", "06-01_Char_Definition\06-01_Char_Definition.vcxproj", "{77D95E21-5B6D-4D53-9FAC-322F15763BE6}"
EndProject
Project("{8BC9CEB8-8B4A-11D0-8D11-00A0C91BC942}") = "06-02_Char_Alphabet", "06-02_Char_Alphabet\06-02_Char_Alphabet.vcxproj", "{4FD6FD80-A847-4D1C-81AC-6CCFA364387F}"
EndProject
Project("{8BC9CEB8-8B4A-11D0-8D11-00A0C91BC942}") = "06-03_Char_Input", "06-03_Char_Input\06-03_Char_Input.vcxproj", "{1CED1FA0-A0D6-49F6-ADAE-68019C95E55E}"
EndProject
Project("{8BC9CEB8-8B4A-11D0-8D11-00A0C91BC942}") = "07-01_Constants_Pi", "07-01_Constants_Pi\07-01_Constants_Pi.vcxproj", "{3BA387E3-E95F-4C67-BDCE-D0DE856DBFDC}"
EndProject
Project("{8BC9CEB8-8B4A-11D0-8D11-00A0C91BC942}") = "07-02_Constants_Exponential", "07-02_Constants_Exponential\07-02_Constants_Exponential.vcxproj", "{7C2DBC03-5C97-496C-B5A2-E904CE282CD5}"
EndProject
Project("{8BC9CEB8-8B4A-11D0-8D11-00A0C91BC942}") = "08-01_Ops_ArithmeticTypes", "08-01_Ops_ArithmeticTypes\08-01_Ops_ArithmeticTypes.vcxproj", "{D4AFA11C-1776-4EE5-96BD-CE83FC84BF94}"
EndProject
Project("{8BC9CEB8-8B4A-11D0-8D11-00A0C91BC942}") = "08-02_Ops_Relational", "08-02_Ops_Relational\08-02_Ops_Relational.vcxproj", "{E1AFF91B-638E-4178-91E0-4138E2E34EFE}"
EndProject
Project("{8BC9CEB8-8B4A-11D0-8D11-00A0C91BC942}") = "08-03_Ops_Assignments", "08-03_Ops_Assignments\08-03_Ops_Assignments.vcxproj", "{BE788815-268D-4295-B221-2C47D891F529}"
EndProject
Project("{8BC9CEB8-8B4A-11D0-8D11-00A0C91BC942}") = "08-04_Ops_IncrementExample", "08-04_Ops_IncrementExample\08-04_Ops_IncrementExample.vcxproj", "{2F17015A-1796-4042-9926-F5FF1A6ECB40}"
EndProject
Project("{8BC9CEB8-8B4A-11D0-8D11-00A0C91BC942}") = "08-05_Ops_Increment", "08-05_Ops_Increment\08-05_Ops_Increment.vcxproj", "{C3F3266E-0612-4126-9864-C78187935916}"
EndProject
Project("{8BC9CEB8-8B4A-11D0-8D11-00A0C91BC942}") = "09-01_Casts_Average", "09-01_Casts_Average\09-01_Casts_Average.vcxproj", "{8369CAB3-78DE-4AB9-803A-1741E2E4E6DC}"
EndProject
Project("{8BC9CEB8-8B4A-11D0-8D11-00A0C91BC942}") = "09-02_Casts_Production", "09-02_Casts_Production\09-02_Casts_Production.vcxproj", "{B7691C36-CD61-4303-BF11-FFBDE610331C}"
EndProject
Global
	GlobalSection(SolutionConfigurationPlatforms) = preSolution
		Debug|x64 = Debug|x64
		Debug|x86 = Debug|x86
		Release|x64 = Release|x64
		Release|x86 = Release|x86
	EndGlobalSection
	GlobalSection(ProjectConfigurationPlatforms) = postSolution
		{4F47A557-7572-4B14-BCD7-E6B8A86EE731}.Debug|x64.ActiveCfg = Debug|x64
		{4F47A557-7572-4B14-BCD7-E6B8A86EE731}.Debug|x64.Build.0 = Debug|x64
		{4F47A557-7572-4B14-BCD7-E6B8A86EE731}.Debug|x86.ActiveCfg = Debug|Win32
		{4F47A557-7572-4B14-BCD7-E6B8A86EE731}.Debug|x86.Build.0 = Debug|Win32
		{4F47A557-7572-4B14-BCD7-E6B8A86EE731}.Release|x64.ActiveCfg = Release|x64
		{4F47A557-7572-4B14-BCD7-E6B8A86EE731}.Release|x64.Build.0 = Release|x64
		{4F47A557-7572-4B14-BCD7-E6B8A86EE731}.Release|x86.ActiveCfg = Release|Win32
		{4F47A557-7572-4B14-BCD7-E6B8A86EE731}.Release|x86.Build.0 = Release|Win32
		{C3EC15F6-46DA-439D-A4F9-7D933AC806C1}.Debug|x64.ActiveCfg = Debug|x64
		{C3EC15F6-46DA-439D-A4F9-7D933AC806C1}.Debug|x64.Build.0 = Debug|x64
		{C3EC15F6-46DA-439D-A4F9-7D933AC806C1}.Debug|x86.ActiveCfg = Debug|Win32
		{C3EC15F6-46DA-439D-A4F9-7D933AC806C1}.Debug|x86.Build.0 = Debug|Win32
		{C3EC15F6-46DA-439D-A4F9-7D933AC806C1}.Release|x64.ActiveCfg = Release|x64
		{C3EC15F6-46DA-439D-A4F9-7D933AC806C1}.Release|x64.Build.0 = Release|x64
		{C3EC15F6-46DA-439D-A4F9-7D933AC806C1}.Release|x86.ActiveCfg = Release|Win32
		{C3EC15F6-46DA-439D-A4F9-7D933AC806C1}.Release|x86.Build.0 = Release|Win32
		{5DB354FC-B0CC-4D58-B121-4D04913FDDBB}.Debug|x64.ActiveCfg = Debug|x64
		{5DB354FC-B0CC-4D58-B121-4D04913FDDBB}.Debug|x64.Build.0 = Debug|x64
		{5DB354FC-B0CC-4D58-B121-4D04913FDDBB}.Debug|x86.ActiveCfg = Debug|Win32
		{5DB354FC-B0CC-4D58-B121-4D04913FDDBB}.Debug|x86.Build.0 = Debug|Win32
		{5DB354FC-B0CC-4D58-B121-4D04913FDDBB}.Release|x64.ActiveCfg = Release|x64
		{5DB354FC-B0CC-4D58-B121-4D04913FDDBB}.Release|x64.Build.0 = Release|x64
		{5DB354FC-B0CC-4D58-B121-4D04913FDDBB}.Release|x86.ActiveCfg = Release|Win32
		{5DB354FC-B0CC-4D58-B121-4D04913FDDBB}.Release|x86.Build.0 = Release|Win32
		{D2D3C28C-11C2-4415-A560-D4B97B700FCF}.Debug|x64.ActiveCfg = Debug|x64
		{D2D3C28C-11C2-4415-A560-D4B97B700FCF}.Debug|x64.Build.0 = Debug|x64
		{D2D3C28C-11C2-4415-A560-D4B97B700FCF}.Debug|x86.ActiveCfg = Debug|Win32
		{D2D3C28C-11C2-4415-A560-D4B97B700FCF}.Debug|x86.Build.0 = Debug|Win32
		{D2D3C28C-11C2-4415-A560-D4B97B700FCF}.Release|x64.ActiveCfg = Release|x64
		{D2D3C28C-11C2-4415-A560-D4B97B700FCF}.Release|x64.Build.0 = Release|x64
		{D2D3C28C-11C2-4415-A560-D4B97B700FCF}.Release|x86.ActiveCfg = Release|Win32
		{D2D3C28C-11C2-4415-A560-D4B97B700FCF}.Release|x86.Build.0 = Release|Win32
		{BA3587E0-45D8-484F-AFB6-5EBBF6101C98}.Debug|x64.ActiveCfg = Debug|x64
		{BA3587E0-45D8-484F-AFB6-5EBBF6101C98}.Debug|x64.Build.0 = Debug|x64
		{BA3587E0-45D8-484F-AFB6-5EBBF6101C98}.Debug|x86.ActiveCfg = Debug|Win32
		{BA3587E0-45D8-484F-AFB6-5EBBF6101C98}.Debug|x86.Build.0 = Debug|Win32
		{BA3587E0-45D8-484F-AFB6-5EBBF6101C98}.Release|x64.ActiveCfg = Release|x64
		{BA3587E0-45D8-484F-AFB6-5EBBF6101C98}.Release|x64.Build.0 = Release|x64
		{BA3587E0-45D8-484F-AFB6-5EBBF6101C98}.Release|x86.ActiveCfg = Release|Win32
		{BA3587E0-45D8-484F-AFB6-5EBBF6101C98}.Release|x86.Build.0 = Release|Win32
		{89FEC90E-038E-4672-A88E-F808FE09427E}.Debug|x64.ActiveCfg = Debug|x64
		{89FEC90E-038E-4672-A88E-F808FE09427E}.Debug|x64.Build.0 = Debug|x64
		{89FEC90E-038E-4672-A88E-F808FE09427E}.Debug|x86.ActiveCfg = Debug|Win32
		{89FEC90E-038E-4672-A88E-F808FE09427E}.Debug|x86.Build.0 = Debug|Win32
		{89FEC90E-038E-4672-A88E-F808FE09427E}.Release|x64.ActiveCfg = Release|x64
		{89FEC90E-038E-4672-A88E-F808FE09427E}.Release|x64.Build.0 = Release|x64
		{89FEC90E-038E-4672-A88E-F808FE09427E}.Release|x86.ActiveCfg = Release|Win32
		{89FEC90E-038E-4672-A88E-F808FE09427E}.Release|x86.Build.0 = Release|Win32
		{1C3D12DD-357D-4929-9465-B76A5BBFAE47}.Debug|x64.ActiveCfg = Debug|x64
		{1C3D12DD-357D-4929-9465-B76A5BBFAE47}.Debug|x64.Build.0 = Debug|x64
		{1C3D12DD-357D-4929-9465-B76A5BBFAE47}.Debug|x86.ActiveCfg = Debug|Win32
		{1C3D12DD-357D-4929-9465-B76A5BBFAE47}.Debug|x86.Build.0 = Debug|Win32
		{1C3D12DD-357D-4929-9465-B76A5BBFAE47}.Release|x64.ActiveCfg = Release|x64
		{1C3D12DD-357D-4929-9465-B76A5BBFAE47}.Release|x64.Build.0 = Release|x64
		{1C3D12DD-357D-4929-9465-B76A5BBFAE47}.Release|x86.ActiveCfg = Release|Win32
		{1C3D12DD-357D-4929-9465-B76A5BBFAE47}.Release|x86.Build.0 = Release|Win32
		{D89A8953-11B0-40B5-B172-21CBBDD6F18C}.Debug|x64.ActiveCfg = Debug|x64
		{D89A8953-11B0-40B5-B172-21CBBDD6F18C}.Debug|x64.Build.0 = Debug|x64
		{D89A8953-11B0-40B5-B172-21CBBDD6F18C}.Debug|x86.ActiveCfg = Debug|Win32
		{D89A8953-11B0-40B5-B172-21CBBDD6F18C}.Debug|x86.Build.0 = Debug|Win32
		{D89A8953-11B0-40B5-B172-21CBBDD6F18C}.Release|x64.ActiveCfg = Release|x64
		{D89A8953-11B0-40B5-B172-21CBBDD6F18C}.Release|x64.Build.0 = Release|x64
		{D89A8953-11B0-40B5-B172-21CBBDD6F18C}.Release|x86.ActiveCfg = Release|Win32
		{D89A8953-11B0-40B5-B172-21CBBDD6F18C}.Release|x86.Build.0 = Release|Win32
		{D448DC6C-ADA5-49AB-9DA7-077BA1552494}.Debug|x64.ActiveCfg = Debug|x64
		{D448DC6C-ADA5-49AB-9DA7-077BA1552494}.Debug|x64.Build.0 = Debug|x64
		{D448DC6C-ADA5-49AB-9DA7-077BA1552494}.Debug|x86.ActiveCfg = Debug|Win32
		{D448DC6C-ADA5-49AB-9DA7-077BA1552494}.Debug|x86.Build.0 = Debug|Win32
		{D448DC6C-ADA5-49AB-9DA7-077BA1552494}.Release|x64.ActiveCfg = Release|x64
		{D448DC6C-ADA5-49AB-9DA7-077BA1552494}.Release|x64.Build.0 = Release|x64
		{D448DC6C-ADA5-49AB-9DA7-077BA1552494}.Release|x86.ActiveCfg = Release|Win32
		{D448DC6C-ADA5-49AB-9DA7-077BA1552494}.Release|x86.Build.0 = Release|Win32
		{2E151386-E5D3-4539-8670-8C54785108DD}.Debug|x64.ActiveCfg = Debug|x64
		{2E151386-E5D3-4539-8670-8C54785108DD}.Debug|x64.Build.0 = Debug|x64
		{2E151386-E5D3-4539-8670-8C54785108DD}.Debug|x86.ActiveCfg = Debug|Win32
		{2E151386-E5D3-4539-8670-8C54785108DD}.Debug|x86.Build.0 = Debug|Win32
		{2E151386-E5D3-4539-8670-8C54785108DD}.Release|x64.ActiveCfg = Release|x64
		{2E151386-E5D3-4539-8670-8C54785108DD}.Release|x64.Build.0 = Release|x64
		{2E151386-E5D3-4539-8670-8C54785108DD}.Release|x86.ActiveCfg = Release|Win32
		{2E151386-E5D3-4539-8670-8C54785108DD}.Release|x86.Build.0 = Release|Win32
		{9A16A2CD-3441-4D15-ACE9-87E589C8218D}.Debug|x64.ActiveCfg = Debug|x64
		{9A16A2CD-3441-4D15-ACE9-87E589C8218D}.Debug|x64.Build.0 = Debug|x64
		{9A16A2CD-3441-4D15-ACE9-87E589C8218D}.Debug|x86.ActiveCfg = Debug|Win32
		{9A16A2CD-3441-4D15-ACE9-87E589C8218D}.Debug|x86.Build.0 = Debug|Win32
		{9A16A2CD-3441-4D15-ACE9-87E589C8218D}.Release|x64.ActiveCfg = Release|x64
		{9A16A2CD-3441-4D15-ACE9-87E589C8218D}.Release|x64.Build.0 = Release|x64
		{9A16A2CD-3441-4D15-ACE9-87E589C8218D}.Release|x86.ActiveCfg = Release|Win32
		{9A16A2CD-3441-4D15-ACE9-87E589C8218D}.Release|x86.Build.0 = Release|Win32
		{271F5AA6-48F8-4963-B947-76FDCD06DED2}.Debug|x64.ActiveCfg = Debug|x64
		{271F5AA6-48F8-4963-B947-76FDCD06DED2}.Debug|x64.Build.0 = Debug|x64
		{271F5AA6-48F8-4963-B947-76FDCD06DED2}.Debug|x86.ActiveCfg = Debug|Win32
		{271F5AA6-48F8-4963-B947-76FDCD06DED2}.Debug|x86.Build.0 = Debug|Win32
		{271F5AA6-48F8-4963-B947-76FDCD06DED2}.Release|x64.ActiveCfg = Release|x64
		{271F5AA6-48F8-4963-B947-76FDCD06DED2}.Release|x64.Build.0 = Release|x64
		{271F5AA6-48F8-4963-B947-76FDCD06DED2}.Release|x86.ActiveCfg = Release|Win32
		{271F5AA6-48F8-4963-B947-76FDCD06DED2}.Release|x86.Build.0 = Release|Win32
		{BC02950C-7084-41F2-85E1-2117E10DB06D}.Debug|x64.ActiveCfg = Debug|x64
		{BC02950C-7084-41F2-85E1-2117E10DB06D}.Debug|x64.Build.0 = Debug|x64
		{BC02950C-7084-41F2-85E1-2117E10DB06D}.Debug|x86.ActiveCfg = Debug|Win32
		{BC02950C-7084-41F2-85E1-2117E10DB06D}.Debug|x86.Build.0 = Debug|Win32
		{BC02950C-7084-41F2-85E1-2117E10DB06D}.Release|x64.ActiveCfg = Release|x64
		{BC02950C-7084-41F2-85E1-2117E10DB06D}.Release|x64.Build.0 = Release|x64
		{BC02950C-7084-41F2-85E1-2117E10DB06D}.Release|x86.ActiveCfg = Release|Win32
		{BC02950C-7084-41F2-85E1-2117E10DB06D}.Release|x86.Build.0 = Release|Win32
		{C6D6CF3E-913A-4F98-ABCB-946F248E0C57}.Debug|x64.ActiveCfg = Debug|x64
		{C6D6CF3E-913A-4F98-ABCB-946F248E0C57}.Debug|x64.Build.0 = Debug|x64
		{C6D6CF3E-913A-4F98-ABCB-946F248E0C57}.Debug|x86.ActiveCfg = Debug|Win32
		{C6D6CF3E-913A-4F98-ABCB-946F248E0C57}.Debug|x86.Build.0 = Debug|Win32
		{C6D6CF3E-913A-4F98-ABCB-946F248E0C57}.Release|x64.ActiveCfg = Release|x64
		{C6D6CF3E-913A-4F98-ABCB-946F248E0C57}.Release|x64.Build.0 = Release|x64
		{C6D6CF3E-913A-4F98-ABCB-946F248E0C57}.Release|x86.ActiveCfg = Release|Win32
		{C6D6CF3E-913A-4F98-ABCB-946F248E0C57}.Release|x86.Build.0 = Release|Win32
		{77D95E21-5B6D-4D53-9FAC-322F15763BE6}.Debug|x64.ActiveCfg = Debug|x64
		{77D95E21-5B6D-4D53-9FAC-322F15763BE6}.Debug|x64.Build.0 = Debug|x64
		{77D95E21-5B6D-4D53-9FAC-322F15763BE6}.Debug|x86.ActiveCfg = Debug|Win32
		{77D95E21-5B6D-4D53-9FAC-322F15763BE6}.Debug|x86.Build.0 = Debug|Win32
		{77D95E21-5B6D-4D53-9FAC-322F15763BE6}.Release|x64.ActiveCfg = Release|x64
		{77D95E21-5B6D-4D53-9FAC-322F15763BE6}.Release|x64.Build.0 = Release|x64
		{77D95E21-5B6D-4D53-9FAC-322F15763BE6}.Release|x86.ActiveCfg = Release|Win32
		{77D95E21-5B6D-4D53-9FAC-322F15763BE6}.Release|x86.Build.0 = Release|Win32
		{4FD6FD80-A847-4D1C-81AC-6CCFA364387F}.Debug|x64.ActiveCfg = Debug|x64
		{4FD6FD80-A847-4D1C-81AC-6CCFA364387F}.Debug|x64.Build.0 = Debug|x64
		{4FD6FD80-A847-4D1C-81AC-6CCFA364387F}.Debug|x86.ActiveCfg = Debug|Win32
		{4FD6FD80-A847-4D1C-81AC-6CCFA364387F}.Debug|x86.Build.0 = Debug|Win32
		{4FD6FD80-A847-4D1C-81AC-6CCFA364387F}.Release|x64.ActiveCfg = Release|x64
		{4FD6FD80-A847-4D1C-81AC-6CCFA364387F}.Release|x64.Build.0 = Release|x64
		{4FD6FD80-A847-4D1C-81AC-6CCFA364387F}.Release|x86.ActiveCfg = Release|Win32
		{4FD6FD80-A847-4D1C-81AC-6CCFA364387F}.Release|x86.Build.0 = Release|Win32
		{1CED1FA0-A0D6-49F6-ADAE-68019C95E55E}.Debug|x64.ActiveCfg = Debug|x64
		{1CED1FA0-A0D6-49F6-ADAE-68019C95E55E}.Debug|x64.Build.0 = Debug|x64
		{1CED1FA0-A0D6-49F6-ADAE-68019C95E55E}.Debug|x86.ActiveCfg = Debug|Win32
		{1CED1FA0-A0D6-49F6-ADAE-68019C95E55E}.Debug|x86.Build.0 = Debug|Win32
		{1CED1FA0-A0D6-49F6-ADAE-68019C95E55E}.Release|x64.ActiveCfg = Release|x64
		{1CED1FA0-A0D6-49F6-ADAE-68019C95E55E}.Release|x64.Build.0 = Release|x64
		{1CED1FA0-A0D6-49F6-ADAE-68019C95E55E}.Release|x86.ActiveCfg = Release|Win32
		{1CED1FA0-A0D6-49F6-ADAE-68019C95E55E}.Release|x86.Build.0 = Release|Win32
		{3BA387E3-E95F-4C67-BDCE-D0DE856DBFDC}.Debug|x64.ActiveCfg = Debug|x64
		{3BA387E3-E95F-4C67-BDCE-D0DE856DBFDC}.Debug|x64.Build.0 = Debug|x64
		{3BA387E3-E95F-4C67-BDCE-D0DE856DBFDC}.Debug|x86.ActiveCfg = Debug|Win32
		{3BA387E3-E95F-4C67-BDCE-D0DE856DBFDC}.Debug|x86.Build.0 = Debug|Win32
		{3BA387E3-E95F-4C67-BDCE-D0DE856DBFDC}.Release|x64.ActiveCfg = Release|x64
		{3BA387E3-E95F-4C67-BDCE-D0DE856DBFDC}.Release|x64.Build.0 = Release|x64
		{3BA387E3-E95F-4C67-BDCE-D0DE856DBFDC}.Release|x86.ActiveCfg = Release|Win32
		{3BA387E3-E95F-4C67-BDCE-D0DE856DBFDC}.Release|x86.Build.0 = Release|Win32
		{7C2DBC03-5C97-496C-B5A2-E904CE282CD5}.Debug|x64.ActiveCfg = Debug|x64
		{7C2DBC03-5C97-496C-B5A2-E904CE282CD5}.Debug|x64.Build.0 = Debug|x64
		{7C2DBC03-5C97-496C-B5A2-E904CE282CD5}.Debug|x86.ActiveCfg = Debug|Win32
		{7C2DBC03-5C97-496C-B5A2-E904CE282CD5}.Debug|x86.Build.0 = Debug|Win32
		{7C2DBC03-5C97-496C-B5A2-E904CE282CD5}.Release|x64.ActiveCfg = Release|x64
		{7C2DBC03-5C97-496C-B5A2-E904CE282CD5}.Release|x64.Build.0 = Release|x64
		{7C2DBC03-5C97-496C-B5A2-E904CE282CD5}.Release|x86.ActiveCfg = Release|Win32
		{7C2DBC03-5C97-496C-B5A2-E904CE282CD5}.Release|x86.Build.0 = Release|Win32
		{D4AFA11C-1776-4EE5-96BD-CE83FC84BF94}.Debug|x64.ActiveCfg = Debug|x64
		{D4AFA11C-1776-4EE5-96BD-CE83FC84BF94}.Debug|x64.Build.0 = Debug|x64
		{D4AFA11C-1776-4EE5-96BD-CE83FC84BF94}.Debug|x86.ActiveCfg = Debug|Win32
		{D4AFA11C-1776-4EE5-96BD-CE83FC84BF94}.Debug|x86.Build.0 = Debug|Win32
		{D4AFA11C-1776-4EE5-96BD-CE83FC84BF94}.Release|x64.ActiveCfg = Release|x64
		{D4AFA11C-1776-4EE5-96BD-CE83FC84BF94}.Release|x64.Build.0 = Release|x64
		{D4AFA11C-1776-4EE5-96BD-CE83FC84BF94}.Release|x86.ActiveCfg = Release|Win32
		{D4AFA11C-1776-4EE5-96BD-CE83FC84BF94}.Release|x86.Build.0 = Release|Win32
		{E1AFF91B-638E-4178-91E0-4138E2E34EFE}.Debug|x64.ActiveCfg = Debug|x64
		{E1AFF91B-638E-4178-91E0-4138E2E34EFE}.Debug|x64.Build.0 = Debug|x64
		{E1AFF91B-638E-4178-91E0-4138E2E34EFE}.Debug|x86.ActiveCfg = Debug|Win32
		{E1AFF91B-638E-4178-91E0-4138E2E34EFE}.Debug|x86.Build.0 = Debug|Win32
		{E1AFF91B-638E-4178-91E0-4138E2E34EFE}.Release|x64.ActiveCfg = Release|x64
		{E1AFF91B-638E-4178-91E0-4138E2E34EFE}.Release|x64.Build.0 = Release|x64
		{E1AFF91B-638E-4178-91E0-4138E2E34EFE}.Release|x86.ActiveCfg = Release|Win32
		{E1AFF91B-638E-4178-91E0-4138E2E34EFE}.Release|x86.Build.0 = Release|Win32
		{BE788815-268D-4295-B221-2C47D891F529}.Debug|x64.ActiveCfg = Debug|x64
		{BE788815-268D-4295-B221-2C47D891F529}.Debug|x64.Build.0 = Debug|x64
		{BE788815-268D-4295-B221-2C47D891F529}.Debug|x86.ActiveCfg = Debug|Win32
		{BE788815-268D-4295-B221-2C47D891F529}.Debug|x86.Build.0 = Debug|Win32
		{BE788815-268D-4295-B221-2C47D891F529}.Release|x64.ActiveCfg = Release|x64
		{BE788815-268D-4295-B221-2C47D891F529}.Release|x64.Build.0 = Release|x64
		{BE788815-268D-4295-B221-2C47D891F529}.Release|x86.ActiveCfg = Release|Win32
		{BE788815-268D-4295-B221-2C47D891F529}.Release|x86.Build.0 = Release|Win32
		{2F17015A-1796-4042-9926-F5FF1A6ECB40}.Debug|x64.ActiveCfg = Debug|x64
		{2F17015A-1796-4042-9926-F5FF1A6ECB40}.Debug|x64.Build.0 = Debug|x64
		{2F17015A-1796-4042-9926-F5FF1A6ECB40}.Debug|x86.ActiveCfg = Debug|Win32
		{2F17015A-1796-4042-9926-F5FF1A6ECB40}.Debug|x86.Build.0 = Debug|Win32
		{2F17015A-1796-4042-9926-F5FF1A6ECB40}.Release|x64.ActiveCfg = Release|x64
		{2F17015A-1796-4042-9926-F5FF1A6ECB40}.Release|x64.Build.0 = Release|x64
		{2F17015A-1796-4042-9926-F5FF1A6ECB40}.Release|x86.ActiveCfg = Release|Win32
		{2F17015A-1796-4042-9926-F5FF1A6ECB40}.Release|x86.Build.0 = Release|Win32
		{C3F3266E-0612-4126-9864-C78187935916}.Debug|x64.ActiveCfg = Debug|x64
		{C3F3266E-0612-4126-9864-C78187935916}.Debug|x64.Build.0 = Debug|x64
		{C3F3266E-0612-4126-9864-C78187935916}.Debug|x86.ActiveCfg = Debug|Win32
		{C3F3266E-0612-4126-9864-C78187935916}.Debug|x86.Build.0 = Debug|Win32
		{C3F3266E-0612-4126-9864-C78187935916}.Release|x64.ActiveCfg = Release|x64
		{C3F3266E-0612-4126-9864-C78187935916}.Release|x64.Build.0 = Release|x64
		{C3F3266E-0612-4126-9864-C78187935916}.Release|x86.ActiveCfg = Release|Win32
		{C3F3266E-0612-4126-9864-C78187935916}.Release|x86.Build.0 = Release|Win32
		{8369CAB3-78DE-4AB9-803A-1741E2E4E6DC}.Debug|x64.ActiveCfg = Debug|x64
		{8369CAB3-78DE-4AB9-803A-1741E2E4E6DC}.Debug|x64.Build.0 = Debug|x64
		{8369CAB3-78DE-4AB9-803A-1741E2E4E6DC}.Debug|x86.ActiveCfg = Debug|Win32
		{8369CAB3-78DE-4AB9-803A-1741E2E4E6DC}.Debug|x86.Build.0 = Debug|Win32
		{8369CAB3-78DE-4AB9-803A-1741E2E4E6DC}.Release|x64.ActiveCfg = Release|x64
		{8369CAB3-78DE-4AB9-803A-1741E2E4E6DC}.Release|x64.Build.0 = Release|x64
		{8369CAB3-78DE-4AB9-803A-1741E2E4E6DC}.Release|x86.ActiveCfg = Release|Win32
		{8369CAB3-78DE-4AB9-803A-1741E2E4E6DC}.Release|x86.Build.0 = Release|Win32
		{B7691C36-CD61-4303-BF11-FFBDE610331C}.Debug|x64.ActiveCfg = Debug|x64
		{B7691C36-CD61-4303-BF11-FFBDE610331C}.Debug|x64.Build.0 = Debug|x64
		{B7691C36-CD61-4303-BF11-FFBDE610331C}.Debug|x86.ActiveCfg = Debug|Win32
		{B7691C36-CD61-4303-BF11-FFBDE610331C}.Debug|x86.Build.0 = Debug|Win32
		{B7691C36-CD61-4303-BF11-FFBDE610331C}.Release|x64.ActiveCfg = Release|x64
		{B7691C36-CD61-4303-BF11-FFBDE610331C}.Release|x64.Build.0 = Release|x64
		{B7691C36-CD61-4303-BF11-FFBDE610331C}.Release|x86.ActiveCfg = Release|Win32
		{B7691C36-CD61-4303-BF11-FFBDE610331C}.Release|x86.Build.0 = Release|Win32
	EndGlobalSection
	GlobalSection(SolutionProperties) = preSolution
		HideSolutionNode = FALSE
	EndGlobalSection
EndGlobal
