
Microsoft Visual Studio Solution File, Format Version 12.00
# Visual Studio 14
VisualStudioVersion = 14.0.25420.1
MinimumVisualStudioVersion = 10.0.40219.1
Project("{8BC9CEB8-8B4A-11D0-8D11-00A0C91BC942}") = "Sandbox", "Sandbox\Sandbox.vcxproj", "{3BE0BECC-337E-4341-99C6-059F7C17C159}"
EndProject
Project("{8BC9CEB8-8B4A-11D0-8D11-00A0C91BC942}") = "01-01_Struct_Birthday", "01-01_Struct_Birthday\01-01_Struct_Birthday.vcxproj", "{2E2B7DBF-4F5C-42E6-9CAF-CD40173916BD}"
EndProject
Project("{8BC9CEB8-8B4A-11D0-8D11-00A0C91BC942}") = "01-02_Struct_Birthday", "01-02_Struct_Birthday\01-02_Struct_Birthday.vcxproj", "{004E20F6-0450-4912-BB11-E6C5F5B22958}"
EndProject
Project("{8BC9CEB8-8B4A-11D0-8D11-00A0C91BC942}") = "02-01_Arrays", "02-01_Arrays\02-01_Arrays.vcxproj", "{152AB1B8-A796-43A5-BDE5-67733A55D38C}"
EndProject
Project("{8BC9CEB8-8B4A-11D0-8D11-00A0C91BC942}") = "02-02_Pointers", "02-02_Pointers\02-02_Pointers.vcxproj", "{BF8CF7C3-F555-44BF-BD8B-A274B70BD19F}"
EndProject
Project("{8BC9CEB8-8B4A-11D0-8D11-00A0C91BC942}") = "02-03_ArraysPointers", "02-03_ArraysPointers\02-03_ArraysPointers.vcxproj", "{84158121-7702-40F2-8A3C-039D5A6D583A}"
EndProject
Project("{8BC9CEB8-8B4A-11D0-8D11-00A0C91BC942}") = "03-01_Assign", "03-01_Assign\03-01_Assign.vcxproj", "{2BF31D04-0A10-475B-BE1B-A4FA8C77FDA9}"
EndProject
Project("{8BC9CEB8-8B4A-11D0-8D11-00A0C91BC942}") = "03-02_Function_Pointer", "03-02_Function_Pointer\03-02_Function_Pointer.vcxproj", "{59FDB5AA-52F5-4D95-94E7-531281966D14}"
EndProject
Project("{8BC9CEB8-8B4A-11D0-8D11-00A0C91BC942}") = "03-03_Function_Value", "03-03_Function_Value\03-03_Function_Value.vcxproj", "{DF16E4B4-6B49-4217-9FF1-52DC4064D957}"
EndProject
Project("{8BC9CEB8-8B4A-11D0-8D11-00A0C91BC942}") = "03-04_Function_Return", "03-04_Function_Return\03-04_Function_Return.vcxproj", "{050A349E-3675-411E-8575-172197F6DE02}"
EndProject
Project("{8BC9CEB8-8B4A-11D0-8D11-00A0C91BC942}") = "04-01_Enum_IncorrectBirthday", "04-01_Enum_IncorrectBirthday\04-01_Enum_IncorrectBirthday.vcxproj", "{573B4D1A-DEEF-40C4-9AFA-16EB817CEF9C}"
EndProject
Project("{8BC9CEB8-8B4A-11D0-8D11-00A0C91BC942}") = "04-02_Enum_PrintMonths", "04-02_Enum_PrintMonths\04-02_Enum_PrintMonths.vcxproj", "{D6843F4C-A4A2-4057-AD66-56EB602EF74A}"
EndProject
Project("{8BC9CEB8-8B4A-11D0-8D11-00A0C91BC942}") = "04-03_Enum_Birthday", "04-03_Enum_Birthday\04-03_Enum_Birthday.vcxproj", "{2EAA1D02-9D6D-4D25-9ECD-A42B29F7CDC0}"
EndProject
Project("{8BC9CEB8-8B4A-11D0-8D11-00A0C91BC942}") = "05-01_Typedef_Birthday", "05-01_Typedef_Birthday\05-01_Typedef_Birthday.vcxproj", "{9B27F5E5-B524-4CA1-9522-FBFB3E69D0F6}"
EndProject
Global
	GlobalSection(SolutionConfigurationPlatforms) = preSolution
		Debug|x64 = Debug|x64
		Debug|x86 = Debug|x86
		Release|x64 = Release|x64
		Release|x86 = Release|x86
	EndGlobalSection
	GlobalSection(ProjectConfigurationPlatforms) = postSolution
		{3BE0BECC-337E-4341-99C6-059F7C17C159}.Debug|x64.ActiveCfg = Debug|x64
		{3BE0BECC-337E-4341-99C6-059F7C17C159}.Debug|x64.Build.0 = Debug|x64
		{3BE0BECC-337E-4341-99C6-059F7C17C159}.Debug|x86.ActiveCfg = Debug|Win32
		{3BE0BECC-337E-4341-99C6-059F7C17C159}.Debug|x86.Build.0 = Debug|Win32
		{3BE0BECC-337E-4341-99C6-059F7C17C159}.Release|x64.ActiveCfg = Release|x64
		{3BE0BECC-337E-4341-99C6-059F7C17C159}.Release|x64.Build.0 = Release|x64
		{3BE0BECC-337E-4341-99C6-059F7C17C159}.Release|x86.ActiveCfg = Release|Win32
		{3BE0BECC-337E-4341-99C6-059F7C17C159}.Release|x86.Build.0 = Release|Win32
		{2E2B7DBF-4F5C-42E6-9CAF-CD40173916BD}.Debug|x64.ActiveCfg = Debug|x64
		{2E2B7DBF-4F5C-42E6-9CAF-CD40173916BD}.Debug|x64.Build.0 = Debug|x64
		{2E2B7DBF-4F5C-42E6-9CAF-CD40173916BD}.Debug|x86.ActiveCfg = Debug|Win32
		{2E2B7DBF-4F5C-42E6-9CAF-CD40173916BD}.Debug|x86.Build.0 = Debug|Win32
		{2E2B7DBF-4F5C-42E6-9CAF-CD40173916BD}.Release|x64.ActiveCfg = Release|x64
		{2E2B7DBF-4F5C-42E6-9CAF-CD40173916BD}.Release|x64.Build.0 = Release|x64
		{2E2B7DBF-4F5C-42E6-9CAF-CD40173916BD}.Release|x86.ActiveCfg = Release|Win32
		{2E2B7DBF-4F5C-42E6-9CAF-CD40173916BD}.Release|x86.Build.0 = Release|Win32
		{004E20F6-0450-4912-BB11-E6C5F5B22958}.Debug|x64.ActiveCfg = Debug|x64
		{004E20F6-0450-4912-BB11-E6C5F5B22958}.Debug|x64.Build.0 = Debug|x64
		{004E20F6-0450-4912-BB11-E6C5F5B22958}.Debug|x86.ActiveCfg = Debug|Win32
		{004E20F6-0450-4912-BB11-E6C5F5B22958}.Debug|x86.Build.0 = Debug|Win32
		{004E20F6-0450-4912-BB11-E6C5F5B22958}.Release|x64.ActiveCfg = Release|x64
		{004E20F6-0450-4912-BB11-E6C5F5B22958}.Release|x64.Build.0 = Release|x64
		{004E20F6-0450-4912-BB11-E6C5F5B22958}.Release|x86.ActiveCfg = Release|Win32
		{004E20F6-0450-4912-BB11-E6C5F5B22958}.Release|x86.Build.0 = Release|Win32
		{152AB1B8-A796-43A5-BDE5-67733A55D38C}.Debug|x64.ActiveCfg = Debug|x64
		{152AB1B8-A796-43A5-BDE5-67733A55D38C}.Debug|x64.Build.0 = Debug|x64
		{152AB1B8-A796-43A5-BDE5-67733A55D38C}.Debug|x86.ActiveCfg = Debug|Win32
		{152AB1B8-A796-43A5-BDE5-67733A55D38C}.Debug|x86.Build.0 = Debug|Win32
		{152AB1B8-A796-43A5-BDE5-67733A55D38C}.Release|x64.ActiveCfg = Release|x64
		{152AB1B8-A796-43A5-BDE5-67733A55D38C}.Release|x64.Build.0 = Release|x64
		{152AB1B8-A796-43A5-BDE5-67733A55D38C}.Release|x86.ActiveCfg = Release|Win32
		{152AB1B8-A796-43A5-BDE5-67733A55D38C}.Release|x86.Build.0 = Release|Win32
		{BF8CF7C3-F555-44BF-BD8B-A274B70BD19F}.Debug|x64.ActiveCfg = Debug|x64
		{BF8CF7C3-F555-44BF-BD8B-A274B70BD19F}.Debug|x64.Build.0 = Debug|x64
		{BF8CF7C3-F555-44BF-BD8B-A274B70BD19F}.Debug|x86.ActiveCfg = Debug|Win32
		{BF8CF7C3-F555-44BF-BD8B-A274B70BD19F}.Debug|x86.Build.0 = Debug|Win32
		{BF8CF7C3-F555-44BF-BD8B-A274B70BD19F}.Release|x64.ActiveCfg = Release|x64
		{BF8CF7C3-F555-44BF-BD8B-A274B70BD19F}.Release|x64.Build.0 = Release|x64
		{BF8CF7C3-F555-44BF-BD8B-A274B70BD19F}.Release|x86.ActiveCfg = Release|Win32
		{BF8CF7C3-F555-44BF-BD8B-A274B70BD19F}.Release|x86.Build.0 = Release|Win32
		{84158121-7702-40F2-8A3C-039D5A6D583A}.Debug|x64.ActiveCfg = Debug|x64
		{84158121-7702-40F2-8A3C-039D5A6D583A}.Debug|x64.Build.0 = Debug|x64
		{84158121-7702-40F2-8A3C-039D5A6D583A}.Debug|x86.ActiveCfg = Debug|Win32
		{84158121-7702-40F2-8A3C-039D5A6D583A}.Debug|x86.Build.0 = Debug|Win32
		{84158121-7702-40F2-8A3C-039D5A6D583A}.Release|x64.ActiveCfg = Release|x64
		{84158121-7702-40F2-8A3C-039D5A6D583A}.Release|x64.Build.0 = Release|x64
		{84158121-7702-40F2-8A3C-039D5A6D583A}.Release|x86.ActiveCfg = Release|Win32
		{84158121-7702-40F2-8A3C-039D5A6D583A}.Release|x86.Build.0 = Release|Win32
		{2BF31D04-0A10-475B-BE1B-A4FA8C77FDA9}.Debug|x64.ActiveCfg = Debug|x64
		{2BF31D04-0A10-475B-BE1B-A4FA8C77FDA9}.Debug|x64.Build.0 = Debug|x64
		{2BF31D04-0A10-475B-BE1B-A4FA8C77FDA9}.Debug|x86.ActiveCfg = Debug|Win32
		{2BF31D04-0A10-475B-BE1B-A4FA8C77FDA9}.Debug|x86.Build.0 = Debug|Win32
		{2BF31D04-0A10-475B-BE1B-A4FA8C77FDA9}.Release|x64.ActiveCfg = Release|x64
		{2BF31D04-0A10-475B-BE1B-A4FA8C77FDA9}.Release|x64.Build.0 = Release|x64
		{2BF31D04-0A10-475B-BE1B-A4FA8C77FDA9}.Release|x86.ActiveCfg = Release|Win32
		{2BF31D04-0A10-475B-BE1B-A4FA8C77FDA9}.Release|x86.Build.0 = Release|Win32
		{59FDB5AA-52F5-4D95-94E7-531281966D14}.Debug|x64.ActiveCfg = Debug|x64
		{59FDB5AA-52F5-4D95-94E7-531281966D14}.Debug|x64.Build.0 = Debug|x64
		{59FDB5AA-52F5-4D95-94E7-531281966D14}.Debug|x86.ActiveCfg = Debug|Win32
		{59FDB5AA-52F5-4D95-94E7-531281966D14}.Debug|x86.Build.0 = Debug|Win32
		{59FDB5AA-52F5-4D95-94E7-531281966D14}.Release|x64.ActiveCfg = Release|x64
		{59FDB5AA-52F5-4D95-94E7-531281966D14}.Release|x64.Build.0 = Release|x64
		{59FDB5AA-52F5-4D95-94E7-531281966D14}.Release|x86.ActiveCfg = Release|Win32
		{59FDB5AA-52F5-4D95-94E7-531281966D14}.Release|x86.Build.0 = Release|Win32
		{DF16E4B4-6B49-4217-9FF1-52DC4064D957}.Debug|x64.ActiveCfg = Debug|x64
		{DF16E4B4-6B49-4217-9FF1-52DC4064D957}.Debug|x64.Build.0 = Debug|x64
		{DF16E4B4-6B49-4217-9FF1-52DC4064D957}.Debug|x86.ActiveCfg = Debug|Win32
		{DF16E4B4-6B49-4217-9FF1-52DC4064D957}.Debug|x86.Build.0 = Debug|Win32
		{DF16E4B4-6B49-4217-9FF1-52DC4064D957}.Release|x64.ActiveCfg = Release|x64
		{DF16E4B4-6B49-4217-9FF1-52DC4064D957}.Release|x64.Build.0 = Release|x64
		{DF16E4B4-6B49-4217-9FF1-52DC4064D957}.Release|x86.ActiveCfg = Release|Win32
		{DF16E4B4-6B49-4217-9FF1-52DC4064D957}.Release|x86.Build.0 = Release|Win32
		{050A349E-3675-411E-8575-172197F6DE02}.Debug|x64.ActiveCfg = Debug|x64
		{050A349E-3675-411E-8575-172197F6DE02}.Debug|x64.Build.0 = Debug|x64
		{050A349E-3675-411E-8575-172197F6DE02}.Debug|x86.ActiveCfg = Debug|Win32
		{050A349E-3675-411E-8575-172197F6DE02}.Debug|x86.Build.0 = Debug|Win32
		{050A349E-3675-411E-8575-172197F6DE02}.Release|x64.ActiveCfg = Release|x64
		{050A349E-3675-411E-8575-172197F6DE02}.Release|x64.Build.0 = Release|x64
		{050A349E-3675-411E-8575-172197F6DE02}.Release|x86.ActiveCfg = Release|Win32
		{050A349E-3675-411E-8575-172197F6DE02}.Release|x86.Build.0 = Release|Win32
		{573B4D1A-DEEF-40C4-9AFA-16EB817CEF9C}.Debug|x64.ActiveCfg = Debug|x64
		{573B4D1A-DEEF-40C4-9AFA-16EB817CEF9C}.Debug|x64.Build.0 = Debug|x64
		{573B4D1A-DEEF-40C4-9AFA-16EB817CEF9C}.Debug|x86.ActiveCfg = Debug|Win32
		{573B4D1A-DEEF-40C4-9AFA-16EB817CEF9C}.Debug|x86.Build.0 = Debug|Win32
		{573B4D1A-DEEF-40C4-9AFA-16EB817CEF9C}.Release|x64.ActiveCfg = Release|x64
		{573B4D1A-DEEF-40C4-9AFA-16EB817CEF9C}.Release|x64.Build.0 = Release|x64
		{573B4D1A-DEEF-40C4-9AFA-16EB817CEF9C}.Release|x86.ActiveCfg = Release|Win32
		{573B4D1A-DEEF-40C4-9AFA-16EB817CEF9C}.Release|x86.Build.0 = Release|Win32
		{D6843F4C-A4A2-4057-AD66-56EB602EF74A}.Debug|x64.ActiveCfg = Debug|x64
		{D6843F4C-A4A2-4057-AD66-56EB602EF74A}.Debug|x64.Build.0 = Debug|x64
		{D6843F4C-A4A2-4057-AD66-56EB602EF74A}.Debug|x86.ActiveCfg = Debug|Win32
		{D6843F4C-A4A2-4057-AD66-56EB602EF74A}.Debug|x86.Build.0 = Debug|Win32
		{D6843F4C-A4A2-4057-AD66-56EB602EF74A}.Release|x64.ActiveCfg = Release|x64
		{D6843F4C-A4A2-4057-AD66-56EB602EF74A}.Release|x64.Build.0 = Release|x64
		{D6843F4C-A4A2-4057-AD66-56EB602EF74A}.Release|x86.ActiveCfg = Release|Win32
		{D6843F4C-A4A2-4057-AD66-56EB602EF74A}.Release|x86.Build.0 = Release|Win32
		{2EAA1D02-9D6D-4D25-9ECD-A42B29F7CDC0}.Debug|x64.ActiveCfg = Debug|x64
		{2EAA1D02-9D6D-4D25-9ECD-A42B29F7CDC0}.Debug|x64.Build.0 = Debug|x64
		{2EAA1D02-9D6D-4D25-9ECD-A42B29F7CDC0}.Debug|x86.ActiveCfg = Debug|Win32
		{2EAA1D02-9D6D-4D25-9ECD-A42B29F7CDC0}.Debug|x86.Build.0 = Debug|Win32
		{2EAA1D02-9D6D-4D25-9ECD-A42B29F7CDC0}.Release|x64.ActiveCfg = Release|x64
		{2EAA1D02-9D6D-4D25-9ECD-A42B29F7CDC0}.Release|x64.Build.0 = Release|x64
		{2EAA1D02-9D6D-4D25-9ECD-A42B29F7CDC0}.Release|x86.ActiveCfg = Release|Win32
		{2EAA1D02-9D6D-4D25-9ECD-A42B29F7CDC0}.Release|x86.Build.0 = Release|Win32
		{9B27F5E5-B524-4CA1-9522-FBFB3E69D0F6}.Debug|x64.ActiveCfg = Debug|x64
		{9B27F5E5-B524-4CA1-9522-FBFB3E69D0F6}.Debug|x64.Build.0 = Debug|x64
		{9B27F5E5-B524-4CA1-9522-FBFB3E69D0F6}.Debug|x86.ActiveCfg = Debug|Win32
		{9B27F5E5-B524-4CA1-9522-FBFB3E69D0F6}.Debug|x86.Build.0 = Debug|Win32
		{9B27F5E5-B524-4CA1-9522-FBFB3E69D0F6}.Release|x64.ActiveCfg = Release|x64
		{9B27F5E5-B524-4CA1-9522-FBFB3E69D0F6}.Release|x64.Build.0 = Release|x64
		{9B27F5E5-B524-4CA1-9522-FBFB3E69D0F6}.Release|x86.ActiveCfg = Release|Win32
		{9B27F5E5-B524-4CA1-9522-FBFB3E69D0F6}.Release|x86.Build.0 = Release|Win32
	EndGlobalSection
	GlobalSection(SolutionProperties) = preSolution
		HideSolutionNode = FALSE
	EndGlobalSection
EndGlobal
