
Microsoft Visual Studio Solution File, Format Version 12.00
# Visual Studio 14
VisualStudioVersion = 14.0.25420.1
MinimumVisualStudioVersion = 10.0.40219.1
Project("{8BC9CEB8-8B4A-11D0-8D11-00A0C91BC942}") = "Sandbox", "Sandbox\Sandbox.vcxproj", "{A50322AC-BB8D-4589-A6FD-E0B3D76372D8}"
EndProject
Project("{8BC9CEB8-8B4A-11D0-8D11-00A0C91BC942}") = "01-01_if_Maximum", "01-01_if_Maximum\01-01_if_Maximum.vcxproj", "{0AF8995A-144E-4396-AFE3-BBF141EDA8B5}"
EndProject
Project("{8BC9CEB8-8B4A-11D0-8D11-00A0C91BC942}") = "01-02_if_Conditions", "01-02_if_Conditions\01-02_if_Conditions.vcxproj", "{C1860B91-1A62-4560-8999-D2F544B04902}"
EndProject
Project("{8BC9CEB8-8B4A-11D0-8D11-00A0C91BC942}") = "01-03_if_Age", "01-03_if_Age\01-03_if_Age.vcxproj", "{1F0E0124-FE68-4D8D-8F74-0234E198EE86}"
EndProject
Project("{8BC9CEB8-8B4A-11D0-8D11-00A0C91BC942}") = "01-04_if_Circle", "01-04_if_Circle\01-04_if_Circle.vcxproj", "{D4A98FE6-0998-40C7-9AC0-BF7333544B00}"
EndProject
Project("{8BC9CEB8-8B4A-11D0-8D11-00A0C91BC942}") = "01-05_if_Grade", "01-05_if_Grade\01-05_if_Grade.vcxproj", "{C482BD68-0C5E-4A59-9140-347CE6C55981}"
EndProject
Project("{8BC9CEB8-8B4A-11D0-8D11-00A0C91BC942}") = "01-06_if_Grade", "01-06_if_Grade\01-06_if_Grade.vcxproj", "{C4104F76-A465-470E-BC03-D5064870CC1E}"
EndProject
Project("{8BC9CEB8-8B4A-11D0-8D11-00A0C91BC942}") = "01-07_if_Grade", "01-07_if_Grade\01-07_if_Grade.vcxproj", "{D8A4B4BD-D1A1-4765-9F63-489203994F09}"
EndProject
Project("{8BC9CEB8-8B4A-11D0-8D11-00A0C91BC942}") = "01-08_if_FaultyCondition", "01-08_if_FaultyCondition\01-08_if_FaultyCondition.vcxproj", "{5F3A6D9C-86D2-4480-B1EB-98200866F0A3}"
EndProject
Project("{8BC9CEB8-8B4A-11D0-8D11-00A0C91BC942}") = "02-01_switch_Weekday", "02-01_switch_Weekday\02-01_switch_Weekday.vcxproj", "{FDF97878-0088-4A8A-8B11-AA64F672D4A8}"
EndProject
Project("{8BC9CEB8-8B4A-11D0-8D11-00A0C91BC942}") = "02-02_switch_Weekday", "02-02_switch_Weekday\02-02_switch_Weekday.vcxproj", "{75D78ED5-D426-4929-85EF-C23854447EAA}"
EndProject
Project("{8BC9CEB8-8B4A-11D0-8D11-00A0C91BC942}") = "02-03_switch_Weekday", "02-03_switch_Weekday\02-03_switch_Weekday.vcxproj", "{650EC4C1-2C79-42EA-ADA6-752FF91AD6C9}"
EndProject
Project("{8BC9CEB8-8B4A-11D0-8D11-00A0C91BC942}") = "03-01_goto", "03-01_goto\03-01_goto.vcxproj", "{EFB5264E-27FA-4F24-83F0-F4CD18C32EF2}"
EndProject
Project("{8BC9CEB8-8B4A-11D0-8D11-00A0C91BC942}") = "04-01_while_Bisection", "04-01_while_Bisection\04-01_while_Bisection.vcxproj", "{E6209A37-744C-4F9C-9391-0C6CC26D99B9}"
EndProject
Project("{8BC9CEB8-8B4A-11D0-8D11-00A0C91BC942}") = "04-02_while_Underline", "04-02_while_Underline\04-02_while_Underline.vcxproj", "{F3D77E0C-E7D3-4B42-8E93-E2137F621068}"
EndProject
Project("{8BC9CEB8-8B4A-11D0-8D11-00A0C91BC942}") = "04-03_while_StopCharacter", "04-03_while_StopCharacter\04-03_while_StopCharacter.vcxproj", "{67C3F125-D917-4CAF-9E50-518857F6CDBD}"
EndProject
Project("{8BC9CEB8-8B4A-11D0-8D11-00A0C91BC942}") = "04-04_while_Average", "04-04_while_Average\04-04_while_Average.vcxproj", "{26E7C9D3-52D7-46B6-8103-F762E89E325F}"
EndProject
Project("{8BC9CEB8-8B4A-11D0-8D11-00A0C91BC942}") = "05-01_doWhile_Quit", "05-01_doWhile_Quit\05-01_doWhile_Quit.vcxproj", "{486B73AA-2BC6-4F94-911A-547B53602CE9}"
EndProject
Project("{8BC9CEB8-8B4A-11D0-8D11-00A0C91BC942}") = "06-01_for_Sum", "06-01_for_Sum\06-01_for_Sum.vcxproj", "{06989495-5112-44DF-91DA-A1C00C8CFAAF}"
EndProject
Project("{8BC9CEB8-8B4A-11D0-8D11-00A0C91BC942}") = "06-03_for_Triangle", "06-03_for_Triangle\06-03_for_Triangle.vcxproj", "{440FF528-2EB1-4208-B32A-7CB7E0DA5D14}"
EndProject
Project("{8BC9CEB8-8B4A-11D0-8D11-00A0C91BC942}") = "06-02_for_BankAccount", "06-02_for_BankAccount\06-02_for_BankAccount.vcxproj", "{E3E763D6-7E8E-4A7C-94D4-236746153BF3}"
EndProject
Project("{8BC9CEB8-8B4A-11D0-8D11-00A0C91BC942}") = "07-01_breakContinue", "07-01_breakContinue\07-01_breakContinue.vcxproj", "{EE9234C0-E552-4F28-A909-074AE0E00663}"
EndProject
Project("{8BC9CEB8-8B4A-11D0-8D11-00A0C91BC942}") = "05-02_doWhile_Password", "05-02_doWhile_Password\05-02_doWhile_Password.vcxproj", "{29E616E3-1974-420F-A7C5-95FC7893A74D}"
EndProject
Global
	GlobalSection(SolutionConfigurationPlatforms) = preSolution
		Debug|x64 = Debug|x64
		Debug|x86 = Debug|x86
		Release|x64 = Release|x64
		Release|x86 = Release|x86
	EndGlobalSection
	GlobalSection(ProjectConfigurationPlatforms) = postSolution
		{A50322AC-BB8D-4589-A6FD-E0B3D76372D8}.Debug|x64.ActiveCfg = Debug|x64
		{A50322AC-BB8D-4589-A6FD-E0B3D76372D8}.Debug|x64.Build.0 = Debug|x64
		{A50322AC-BB8D-4589-A6FD-E0B3D76372D8}.Debug|x86.ActiveCfg = Debug|Win32
		{A50322AC-BB8D-4589-A6FD-E0B3D76372D8}.Debug|x86.Build.0 = Debug|Win32
		{A50322AC-BB8D-4589-A6FD-E0B3D76372D8}.Release|x64.ActiveCfg = Release|x64
		{A50322AC-BB8D-4589-A6FD-E0B3D76372D8}.Release|x64.Build.0 = Release|x64
		{A50322AC-BB8D-4589-A6FD-E0B3D76372D8}.Release|x86.ActiveCfg = Release|Win32
		{A50322AC-BB8D-4589-A6FD-E0B3D76372D8}.Release|x86.Build.0 = Release|Win32
		{0AF8995A-144E-4396-AFE3-BBF141EDA8B5}.Debug|x64.ActiveCfg = Debug|x64
		{0AF8995A-144E-4396-AFE3-BBF141EDA8B5}.Debug|x64.Build.0 = Debug|x64
		{0AF8995A-144E-4396-AFE3-BBF141EDA8B5}.Debug|x86.ActiveCfg = Debug|Win32
		{0AF8995A-144E-4396-AFE3-BBF141EDA8B5}.Debug|x86.Build.0 = Debug|Win32
		{0AF8995A-144E-4396-AFE3-BBF141EDA8B5}.Release|x64.ActiveCfg = Release|x64
		{0AF8995A-144E-4396-AFE3-BBF141EDA8B5}.Release|x64.Build.0 = Release|x64
		{0AF8995A-144E-4396-AFE3-BBF141EDA8B5}.Release|x86.ActiveCfg = Release|Win32
		{0AF8995A-144E-4396-AFE3-BBF141EDA8B5}.Release|x86.Build.0 = Release|Win32
		{C1860B91-1A62-4560-8999-D2F544B04902}.Debug|x64.ActiveCfg = Debug|x64
		{C1860B91-1A62-4560-8999-D2F544B04902}.Debug|x64.Build.0 = Debug|x64
		{C1860B91-1A62-4560-8999-D2F544B04902}.Debug|x86.ActiveCfg = Debug|Win32
		{C1860B91-1A62-4560-8999-D2F544B04902}.Debug|x86.Build.0 = Debug|Win32
		{C1860B91-1A62-4560-8999-D2F544B04902}.Release|x64.ActiveCfg = Release|x64
		{C1860B91-1A62-4560-8999-D2F544B04902}.Release|x64.Build.0 = Release|x64
		{C1860B91-1A62-4560-8999-D2F544B04902}.Release|x86.ActiveCfg = Release|Win32
		{C1860B91-1A62-4560-8999-D2F544B04902}.Release|x86.Build.0 = Release|Win32
		{1F0E0124-FE68-4D8D-8F74-0234E198EE86}.Debug|x64.ActiveCfg = Debug|x64
		{1F0E0124-FE68-4D8D-8F74-0234E198EE86}.Debug|x64.Build.0 = Debug|x64
		{1F0E0124-FE68-4D8D-8F74-0234E198EE86}.Debug|x86.ActiveCfg = Debug|Win32
		{1F0E0124-FE68-4D8D-8F74-0234E198EE86}.Debug|x86.Build.0 = Debug|Win32
		{1F0E0124-FE68-4D8D-8F74-0234E198EE86}.Release|x64.ActiveCfg = Release|x64
		{1F0E0124-FE68-4D8D-8F74-0234E198EE86}.Release|x64.Build.0 = Release|x64
		{1F0E0124-FE68-4D8D-8F74-0234E198EE86}.Release|x86.ActiveCfg = Release|Win32
		{1F0E0124-FE68-4D8D-8F74-0234E198EE86}.Release|x86.Build.0 = Release|Win32
		{D4A98FE6-0998-40C7-9AC0-BF7333544B00}.Debug|x64.ActiveCfg = Debug|x64
		{D4A98FE6-0998-40C7-9AC0-BF7333544B00}.Debug|x64.Build.0 = Debug|x64
		{D4A98FE6-0998-40C7-9AC0-BF7333544B00}.Debug|x86.ActiveCfg = Debug|Win32
		{D4A98FE6-0998-40C7-9AC0-BF7333544B00}.Debug|x86.Build.0 = Debug|Win32
		{D4A98FE6-0998-40C7-9AC0-BF7333544B00}.Release|x64.ActiveCfg = Release|x64
		{D4A98FE6-0998-40C7-9AC0-BF7333544B00}.Release|x64.Build.0 = Release|x64
		{D4A98FE6-0998-40C7-9AC0-BF7333544B00}.Release|x86.ActiveCfg = Release|Win32
		{D4A98FE6-0998-40C7-9AC0-BF7333544B00}.Release|x86.Build.0 = Release|Win32
		{C482BD68-0C5E-4A59-9140-347CE6C55981}.Debug|x64.ActiveCfg = Debug|x64
		{C482BD68-0C5E-4A59-9140-347CE6C55981}.Debug|x64.Build.0 = Debug|x64
		{C482BD68-0C5E-4A59-9140-347CE6C55981}.Debug|x86.ActiveCfg = Debug|Win32
		{C482BD68-0C5E-4A59-9140-347CE6C55981}.Debug|x86.Build.0 = Debug|Win32
		{C482BD68-0C5E-4A59-9140-347CE6C55981}.Release|x64.ActiveCfg = Release|x64
		{C482BD68-0C5E-4A59-9140-347CE6C55981}.Release|x64.Build.0 = Release|x64
		{C482BD68-0C5E-4A59-9140-347CE6C55981}.Release|x86.ActiveCfg = Release|Win32
		{C482BD68-0C5E-4A59-9140-347CE6C55981}.Release|x86.Build.0 = Release|Win32
		{C4104F76-A465-470E-BC03-D5064870CC1E}.Debug|x64.ActiveCfg = Debug|x64
		{C4104F76-A465-470E-BC03-D5064870CC1E}.Debug|x64.Build.0 = Debug|x64
		{C4104F76-A465-470E-BC03-D5064870CC1E}.Debug|x86.ActiveCfg = Debug|Win32
		{C4104F76-A465-470E-BC03-D5064870CC1E}.Debug|x86.Build.0 = Debug|Win32
		{C4104F76-A465-470E-BC03-D5064870CC1E}.Release|x64.ActiveCfg = Release|x64
		{C4104F76-A465-470E-BC03-D5064870CC1E}.Release|x64.Build.0 = Release|x64
		{C4104F76-A465-470E-BC03-D5064870CC1E}.Release|x86.ActiveCfg = Release|Win32
		{C4104F76-A465-470E-BC03-D5064870CC1E}.Release|x86.Build.0 = Release|Win32
		{D8A4B4BD-D1A1-4765-9F63-489203994F09}.Debug|x64.ActiveCfg = Debug|x64
		{D8A4B4BD-D1A1-4765-9F63-489203994F09}.Debug|x64.Build.0 = Debug|x64
		{D8A4B4BD-D1A1-4765-9F63-489203994F09}.Debug|x86.ActiveCfg = Debug|Win32
		{D8A4B4BD-D1A1-4765-9F63-489203994F09}.Debug|x86.Build.0 = Debug|Win32
		{D8A4B4BD-D1A1-4765-9F63-489203994F09}.Release|x64.ActiveCfg = Release|x64
		{D8A4B4BD-D1A1-4765-9F63-489203994F09}.Release|x64.Build.0 = Release|x64
		{D8A4B4BD-D1A1-4765-9F63-489203994F09}.Release|x86.ActiveCfg = Release|Win32
		{D8A4B4BD-D1A1-4765-9F63-489203994F09}.Release|x86.Build.0 = Release|Win32
		{5F3A6D9C-86D2-4480-B1EB-98200866F0A3}.Debug|x64.ActiveCfg = Debug|x64
		{5F3A6D9C-86D2-4480-B1EB-98200866F0A3}.Debug|x64.Build.0 = Debug|x64
		{5F3A6D9C-86D2-4480-B1EB-98200866F0A3}.Debug|x86.ActiveCfg = Debug|Win32
		{5F3A6D9C-86D2-4480-B1EB-98200866F0A3}.Debug|x86.Build.0 = Debug|Win32
		{5F3A6D9C-86D2-4480-B1EB-98200866F0A3}.Release|x64.ActiveCfg = Release|x64
		{5F3A6D9C-86D2-4480-B1EB-98200866F0A3}.Release|x64.Build.0 = Release|x64
		{5F3A6D9C-86D2-4480-B1EB-98200866F0A3}.Release|x86.ActiveCfg = Release|Win32
		{5F3A6D9C-86D2-4480-B1EB-98200866F0A3}.Release|x86.Build.0 = Release|Win32
		{FDF97878-0088-4A8A-8B11-AA64F672D4A8}.Debug|x64.ActiveCfg = Debug|x64
		{FDF97878-0088-4A8A-8B11-AA64F672D4A8}.Debug|x64.Build.0 = Debug|x64
		{FDF97878-0088-4A8A-8B11-AA64F672D4A8}.Debug|x86.ActiveCfg = Debug|Win32
		{FDF97878-0088-4A8A-8B11-AA64F672D4A8}.Debug|x86.Build.0 = Debug|Win32
		{FDF97878-0088-4A8A-8B11-AA64F672D4A8}.Release|x64.ActiveCfg = Release|x64
		{FDF97878-0088-4A8A-8B11-AA64F672D4A8}.Release|x64.Build.0 = Release|x64
		{FDF97878-0088-4A8A-8B11-AA64F672D4A8}.Release|x86.ActiveCfg = Release|Win32
		{FDF97878-0088-4A8A-8B11-AA64F672D4A8}.Release|x86.Build.0 = Release|Win32
		{75D78ED5-D426-4929-85EF-C23854447EAA}.Debug|x64.ActiveCfg = Debug|x64
		{75D78ED5-D426-4929-85EF-C23854447EAA}.Debug|x64.Build.0 = Debug|x64
		{75D78ED5-D426-4929-85EF-C23854447EAA}.Debug|x86.ActiveCfg = Debug|Win32
		{75D78ED5-D426-4929-85EF-C23854447EAA}.Debug|x86.Build.0 = Debug|Win32
		{75D78ED5-D426-4929-85EF-C23854447EAA}.Release|x64.ActiveCfg = Release|x64
		{75D78ED5-D426-4929-85EF-C23854447EAA}.Release|x64.Build.0 = Release|x64
		{75D78ED5-D426-4929-85EF-C23854447EAA}.Release|x86.ActiveCfg = Release|Win32
		{75D78ED5-D426-4929-85EF-C23854447EAA}.Release|x86.Build.0 = Release|Win32
		{650EC4C1-2C79-42EA-ADA6-752FF91AD6C9}.Debug|x64.ActiveCfg = Debug|x64
		{650EC4C1-2C79-42EA-ADA6-752FF91AD6C9}.Debug|x64.Build.0 = Debug|x64
		{650EC4C1-2C79-42EA-ADA6-752FF91AD6C9}.Debug|x86.ActiveCfg = Debug|Win32
		{650EC4C1-2C79-42EA-ADA6-752FF91AD6C9}.Debug|x86.Build.0 = Debug|Win32
		{650EC4C1-2C79-42EA-ADA6-752FF91AD6C9}.Release|x64.ActiveCfg = Release|x64
		{650EC4C1-2C79-42EA-ADA6-752FF91AD6C9}.Release|x64.Build.0 = Release|x64
		{650EC4C1-2C79-42EA-ADA6-752FF91AD6C9}.Release|x86.ActiveCfg = Release|Win32
		{650EC4C1-2C79-42EA-ADA6-752FF91AD6C9}.Release|x86.Build.0 = Release|Win32
		{EFB5264E-27FA-4F24-83F0-F4CD18C32EF2}.Debug|x64.ActiveCfg = Debug|x64
		{EFB5264E-27FA-4F24-83F0-F4CD18C32EF2}.Debug|x64.Build.0 = Debug|x64
		{EFB5264E-27FA-4F24-83F0-F4CD18C32EF2}.Debug|x86.ActiveCfg = Debug|Win32
		{EFB5264E-27FA-4F24-83F0-F4CD18C32EF2}.Debug|x86.Build.0 = Debug|Win32
		{EFB5264E-27FA-4F24-83F0-F4CD18C32EF2}.Release|x64.ActiveCfg = Release|x64
		{EFB5264E-27FA-4F24-83F0-F4CD18C32EF2}.Release|x64.Build.0 = Release|x64
		{EFB5264E-27FA-4F24-83F0-F4CD18C32EF2}.Release|x86.ActiveCfg = Release|Win32
		{EFB5264E-27FA-4F24-83F0-F4CD18C32EF2}.Release|x86.Build.0 = Release|Win32
		{E6209A37-744C-4F9C-9391-0C6CC26D99B9}.Debug|x64.ActiveCfg = Debug|x64
		{E6209A37-744C-4F9C-9391-0C6CC26D99B9}.Debug|x64.Build.0 = Debug|x64
		{E6209A37-744C-4F9C-9391-0C6CC26D99B9}.Debug|x86.ActiveCfg = Debug|Win32
		{E6209A37-744C-4F9C-9391-0C6CC26D99B9}.Debug|x86.Build.0 = Debug|Win32
		{E6209A37-744C-4F9C-9391-0C6CC26D99B9}.Release|x64.ActiveCfg = Release|x64
		{E6209A37-744C-4F9C-9391-0C6CC26D99B9}.Release|x64.Build.0 = Release|x64
		{E6209A37-744C-4F9C-9391-0C6CC26D99B9}.Release|x86.ActiveCfg = Release|Win32
		{E6209A37-744C-4F9C-9391-0C6CC26D99B9}.Release|x86.Build.0 = Release|Win32
		{F3D77E0C-E7D3-4B42-8E93-E2137F621068}.Debug|x64.ActiveCfg = Debug|x64
		{F3D77E0C-E7D3-4B42-8E93-E2137F621068}.Debug|x64.Build.0 = Debug|x64
		{F3D77E0C-E7D3-4B42-8E93-E2137F621068}.Debug|x86.ActiveCfg = Debug|Win32
		{F3D77E0C-E7D3-4B42-8E93-E2137F621068}.Debug|x86.Build.0 = Debug|Win32
		{F3D77E0C-E7D3-4B42-8E93-E2137F621068}.Release|x64.ActiveCfg = Release|x64
		{F3D77E0C-E7D3-4B42-8E93-E2137F621068}.Release|x64.Build.0 = Release|x64
		{F3D77E0C-E7D3-4B42-8E93-E2137F621068}.Release|x86.ActiveCfg = Release|Win32
		{F3D77E0C-E7D3-4B42-8E93-E2137F621068}.Release|x86.Build.0 = Release|Win32
		{67C3F125-D917-4CAF-9E50-518857F6CDBD}.Debug|x64.ActiveCfg = Debug|x64
		{67C3F125-D917-4CAF-9E50-518857F6CDBD}.Debug|x64.Build.0 = Debug|x64
		{67C3F125-D917-4CAF-9E50-518857F6CDBD}.Debug|x86.ActiveCfg = Debug|Win32
		{67C3F125-D917-4CAF-9E50-518857F6CDBD}.Debug|x86.Build.0 = Debug|Win32
		{67C3F125-D917-4CAF-9E50-518857F6CDBD}.Release|x64.ActiveCfg = Release|x64
		{67C3F125-D917-4CAF-9E50-518857F6CDBD}.Release|x64.Build.0 = Release|x64
		{67C3F125-D917-4CAF-9E50-518857F6CDBD}.Release|x86.ActiveCfg = Release|Win32
		{67C3F125-D917-4CAF-9E50-518857F6CDBD}.Release|x86.Build.0 = Release|Win32
		{26E7C9D3-52D7-46B6-8103-F762E89E325F}.Debug|x64.ActiveCfg = Debug|x64
		{26E7C9D3-52D7-46B6-8103-F762E89E325F}.Debug|x64.Build.0 = Debug|x64
		{26E7C9D3-52D7-46B6-8103-F762E89E325F}.Debug|x86.ActiveCfg = Debug|Win32
		{26E7C9D3-52D7-46B6-8103-F762E89E325F}.Debug|x86.Build.0 = Debug|Win32
		{26E7C9D3-52D7-46B6-8103-F762E89E325F}.Release|x64.ActiveCfg = Release|x64
		{26E7C9D3-52D7-46B6-8103-F762E89E325F}.Release|x64.Build.0 = Release|x64
		{26E7C9D3-52D7-46B6-8103-F762E89E325F}.Release|x86.ActiveCfg = Release|Win32
		{26E7C9D3-52D7-46B6-8103-F762E89E325F}.Release|x86.Build.0 = Release|Win32
		{486B73AA-2BC6-4F94-911A-547B53602CE9}.Debug|x64.ActiveCfg = Debug|x64
		{486B73AA-2BC6-4F94-911A-547B53602CE9}.Debug|x64.Build.0 = Debug|x64
		{486B73AA-2BC6-4F94-911A-547B53602CE9}.Debug|x86.ActiveCfg = Debug|Win32
		{486B73AA-2BC6-4F94-911A-547B53602CE9}.Debug|x86.Build.0 = Debug|Win32
		{486B73AA-2BC6-4F94-911A-547B53602CE9}.Release|x64.ActiveCfg = Release|x64
		{486B73AA-2BC6-4F94-911A-547B53602CE9}.Release|x64.Build.0 = Release|x64
		{486B73AA-2BC6-4F94-911A-547B53602CE9}.Release|x86.ActiveCfg = Release|Win32
		{486B73AA-2BC6-4F94-911A-547B53602CE9}.Release|x86.Build.0 = Release|Win32
		{06989495-5112-44DF-91DA-A1C00C8CFAAF}.Debug|x64.ActiveCfg = Debug|x64
		{06989495-5112-44DF-91DA-A1C00C8CFAAF}.Debug|x64.Build.0 = Debug|x64
		{06989495-5112-44DF-91DA-A1C00C8CFAAF}.Debug|x86.ActiveCfg = Debug|Win32
		{06989495-5112-44DF-91DA-A1C00C8CFAAF}.Debug|x86.Build.0 = Debug|Win32
		{06989495-5112-44DF-91DA-A1C00C8CFAAF}.Release|x64.ActiveCfg = Release|x64
		{06989495-5112-44DF-91DA-A1C00C8CFAAF}.Release|x64.Build.0 = Release|x64
		{06989495-5112-44DF-91DA-A1C00C8CFAAF}.Release|x86.ActiveCfg = Release|Win32
		{06989495-5112-44DF-91DA-A1C00C8CFAAF}.Release|x86.Build.0 = Release|Win32
		{440FF528-2EB1-4208-B32A-7CB7E0DA5D14}.Debug|x64.ActiveCfg = Debug|x64
		{440FF528-2EB1-4208-B32A-7CB7E0DA5D14}.Debug|x64.Build.0 = Debug|x64
		{440FF528-2EB1-4208-B32A-7CB7E0DA5D14}.Debug|x86.ActiveCfg = Debug|Win32
		{440FF528-2EB1-4208-B32A-7CB7E0DA5D14}.Debug|x86.Build.0 = Debug|Win32
		{440FF528-2EB1-4208-B32A-7CB7E0DA5D14}.Release|x64.ActiveCfg = Release|x64
		{440FF528-2EB1-4208-B32A-7CB7E0DA5D14}.Release|x64.Build.0 = Release|x64
		{440FF528-2EB1-4208-B32A-7CB7E0DA5D14}.Release|x86.ActiveCfg = Release|Win32
		{440FF528-2EB1-4208-B32A-7CB7E0DA5D14}.Release|x86.Build.0 = Release|Win32
		{E3E763D6-7E8E-4A7C-94D4-236746153BF3}.Debug|x64.ActiveCfg = Debug|x64
		{E3E763D6-7E8E-4A7C-94D4-236746153BF3}.Debug|x64.Build.0 = Debug|x64
		{E3E763D6-7E8E-4A7C-94D4-236746153BF3}.Debug|x86.ActiveCfg = Debug|Win32
		{E3E763D6-7E8E-4A7C-94D4-236746153BF3}.Debug|x86.Build.0 = Debug|Win32
		{E3E763D6-7E8E-4A7C-94D4-236746153BF3}.Release|x64.ActiveCfg = Release|x64
		{E3E763D6-7E8E-4A7C-94D4-236746153BF3}.Release|x64.Build.0 = Release|x64
		{E3E763D6-7E8E-4A7C-94D4-236746153BF3}.Release|x86.ActiveCfg = Release|Win32
		{E3E763D6-7E8E-4A7C-94D4-236746153BF3}.Release|x86.Build.0 = Release|Win32
		{EE9234C0-E552-4F28-A909-074AE0E00663}.Debug|x64.ActiveCfg = Debug|x64
		{EE9234C0-E552-4F28-A909-074AE0E00663}.Debug|x64.Build.0 = Debug|x64
		{EE9234C0-E552-4F28-A909-074AE0E00663}.Debug|x86.ActiveCfg = Debug|Win32
		{EE9234C0-E552-4F28-A909-074AE0E00663}.Debug|x86.Build.0 = Debug|Win32
		{EE9234C0-E552-4F28-A909-074AE0E00663}.Release|x64.ActiveCfg = Release|x64
		{EE9234C0-E552-4F28-A909-074AE0E00663}.Release|x64.Build.0 = Release|x64
		{EE9234C0-E552-4F28-A909-074AE0E00663}.Release|x86.ActiveCfg = Release|Win32
		{EE9234C0-E552-4F28-A909-074AE0E00663}.Release|x86.Build.0 = Release|Win32
		{29E616E3-1974-420F-A7C5-95FC7893A74D}.Debug|x64.ActiveCfg = Debug|x64
		{29E616E3-1974-420F-A7C5-95FC7893A74D}.Debug|x64.Build.0 = Debug|x64
		{29E616E3-1974-420F-A7C5-95FC7893A74D}.Debug|x86.ActiveCfg = Debug|Win32
		{29E616E3-1974-420F-A7C5-95FC7893A74D}.Debug|x86.Build.0 = Debug|Win32
		{29E616E3-1974-420F-A7C5-95FC7893A74D}.Release|x64.ActiveCfg = Release|x64
		{29E616E3-1974-420F-A7C5-95FC7893A74D}.Release|x64.Build.0 = Release|x64
		{29E616E3-1974-420F-A7C5-95FC7893A74D}.Release|x86.ActiveCfg = Release|Win32
		{29E616E3-1974-420F-A7C5-95FC7893A74D}.Release|x86.Build.0 = Release|Win32
	EndGlobalSection
	GlobalSection(SolutionProperties) = preSolution
		HideSolutionNode = FALSE
	EndGlobalSection
EndGlobal
