
Microsoft Visual Studio Solution File, Format Version 12.00
# Visual Studio Version 16
VisualStudioVersion = 16.0.30804.86
MinimumVisualStudioVersion = 10.0.40219.1
Project("{8BC9CEB8-8B4A-11D0-8D11-00A0C91BC942}") = "InitZeros", "InitZeros\InitZeros.vcxproj", "{3572AEA4-B04C-4029-8B4B-20D4B619A31B}"
EndProject
Project("{8BC9CEB8-8B4A-11D0-8D11-00A0C91BC942}") = "CopyArray", "CopyArray\CopyArray.vcxproj", "{C306037E-C289-47DC-8D43-376FAA6992D6}"
EndProject
Project("{8BC9CEB8-8B4A-11D0-8D11-00A0C91BC942}") = "Dice", "Dice\Dice.vcxproj", "{8A9B56B5-A2CA-41A6-B8AF-4E9CDC556856}"
EndProject
Project("{8BC9CEB8-8B4A-11D0-8D11-00A0C91BC942}") = "InvertArray", "InvertArray\InvertArray.vcxproj", "{F92DC445-0274-427A-8671-C12A0C021BD4}"
EndProject
Project("{8BC9CEB8-8B4A-11D0-8D11-00A0C91BC942}") = "MusicNotes", "MusicNotes\MusicNotes.vcxproj", "{05652D55-4C4E-46E9-99F0-2F9AB49DB478}"
EndProject
Project("{8BC9CEB8-8B4A-11D0-8D11-00A0C91BC942}") = "MeanValue", "MeanValue\MeanValue.vcxproj", "{758E341C-99B8-455E-B626-514A4C11E37C}"
EndProject
Project("{8BC9CEB8-8B4A-11D0-8D11-00A0C91BC942}") = "StandardDeviation", "StandardDeviation\StandardDeviation.vcxproj", "{D0A5949B-DE5F-454C-A975-C7BA15A24FA1}"
EndProject
Project("{8BC9CEB8-8B4A-11D0-8D11-00A0C91BC942}") = "MedianFilter", "MedianFilter\MedianFilter.vcxproj", "{443BA144-A904-4E99-82CC-2F7A78A947E2}"
EndProject
Project("{8BC9CEB8-8B4A-11D0-8D11-00A0C91BC942}") = "Clipping", "Clipping\Clipping.vcxproj", "{F7D6C914-E5CB-43AA-ABFB-9E95A76AEB72}"
EndProject
Project("{8BC9CEB8-8B4A-11D0-8D11-00A0C91BC942}") = "EqualArrays", "EqualArrays\EqualArrays.vcxproj", "{44E594FF-36DA-4ABB-8601-5B9F1AC16936}"
EndProject
Project("{8BC9CEB8-8B4A-11D0-8D11-00A0C91BC942}") = "SegmentDisplay", "SegmentDisplay\SegmentDisplay.vcxproj", "{29831F92-5A12-4A26-ADE3-A3E3AD79A726}"
EndProject
Project("{8BC9CEB8-8B4A-11D0-8D11-00A0C91BC942}") = "MatrixVector", "MatrixVector\MatrixVector.vcxproj", "{0BDA5424-EF3A-4E39-A250-6D4F560D0E48}"
EndProject
Project("{8BC9CEB8-8B4A-11D0-8D11-00A0C91BC942}") = "RotateVector", "RotateVector\RotateVector.vcxproj", "{71D21F2D-0622-408B-A230-529BB777062F}"
EndProject
Project("{8BC9CEB8-8B4A-11D0-8D11-00A0C91BC942}") = "CountLetter", "CountLetter\CountLetter.vcxproj", "{B7CDFE4D-16A7-4167-BBED-C359EABE86D9}"
EndProject
Project("{8BC9CEB8-8B4A-11D0-8D11-00A0C91BC942}") = "TextStatistics", "TextStatistics\TextStatistics.vcxproj", "{4FAD76CB-946F-4D37-BC9A-1644DE4855C3}"
EndProject
Project("{8BC9CEB8-8B4A-11D0-8D11-00A0C91BC942}") = "ParseKeyValue", "ParseKeyValue\ParseKeyValue.vcxproj", "{DE568012-E550-4814-A757-C7971B390A15}"
EndProject
Project("{8BC9CEB8-8B4A-11D0-8D11-00A0C91BC942}") = "ScalarProduct", "ScalarProduct\ScalarProduct.vcxproj", "{056476C0-7202-41A9-8509-AC6F747FA7B6}"
EndProject
Global
	GlobalSection(SolutionConfigurationPlatforms) = preSolution
		Debug|x64 = Debug|x64
		Debug|x86 = Debug|x86
		Release|x64 = Release|x64
		Release|x86 = Release|x86
	EndGlobalSection
	GlobalSection(ProjectConfigurationPlatforms) = postSolution
		{3572AEA4-B04C-4029-8B4B-20D4B619A31B}.Debug|x64.ActiveCfg = Debug|x64
		{3572AEA4-B04C-4029-8B4B-20D4B619A31B}.Debug|x64.Build.0 = Debug|x64
		{3572AEA4-B04C-4029-8B4B-20D4B619A31B}.Debug|x86.ActiveCfg = Debug|Win32
		{3572AEA4-B04C-4029-8B4B-20D4B619A31B}.Debug|x86.Build.0 = Debug|Win32
		{3572AEA4-B04C-4029-8B4B-20D4B619A31B}.Release|x64.ActiveCfg = Release|x64
		{3572AEA4-B04C-4029-8B4B-20D4B619A31B}.Release|x64.Build.0 = Release|x64
		{3572AEA4-B04C-4029-8B4B-20D4B619A31B}.Release|x86.ActiveCfg = Release|Win32
		{3572AEA4-B04C-4029-8B4B-20D4B619A31B}.Release|x86.Build.0 = Release|Win32
		{C306037E-C289-47DC-8D43-376FAA6992D6}.Debug|x64.ActiveCfg = Debug|x64
		{C306037E-C289-47DC-8D43-376FAA6992D6}.Debug|x64.Build.0 = Debug|x64
		{C306037E-C289-47DC-8D43-376FAA6992D6}.Debug|x86.ActiveCfg = Debug|Win32
		{C306037E-C289-47DC-8D43-376FAA6992D6}.Debug|x86.Build.0 = Debug|Win32
		{C306037E-C289-47DC-8D43-376FAA6992D6}.Release|x64.ActiveCfg = Release|x64
		{C306037E-C289-47DC-8D43-376FAA6992D6}.Release|x64.Build.0 = Release|x64
		{C306037E-C289-47DC-8D43-376FAA6992D6}.Release|x86.ActiveCfg = Release|Win32
		{C306037E-C289-47DC-8D43-376FAA6992D6}.Release|x86.Build.0 = Release|Win32
		{8A9B56B5-A2CA-41A6-B8AF-4E9CDC556856}.Debug|x64.ActiveCfg = Debug|x64
		{8A9B56B5-A2CA-41A6-B8AF-4E9CDC556856}.Debug|x64.Build.0 = Debug|x64
		{8A9B56B5-A2CA-41A6-B8AF-4E9CDC556856}.Debug|x86.ActiveCfg = Debug|Win32
		{8A9B56B5-A2CA-41A6-B8AF-4E9CDC556856}.Debug|x86.Build.0 = Debug|Win32
		{8A9B56B5-A2CA-41A6-B8AF-4E9CDC556856}.Release|x64.ActiveCfg = Release|x64
		{8A9B56B5-A2CA-41A6-B8AF-4E9CDC556856}.Release|x64.Build.0 = Release|x64
		{8A9B56B5-A2CA-41A6-B8AF-4E9CDC556856}.Release|x86.ActiveCfg = Release|Win32
		{8A9B56B5-A2CA-41A6-B8AF-4E9CDC556856}.Release|x86.Build.0 = Release|Win32
		{F92DC445-0274-427A-8671-C12A0C021BD4}.Debug|x64.ActiveCfg = Debug|x64
		{F92DC445-0274-427A-8671-C12A0C021BD4}.Debug|x64.Build.0 = Debug|x64
		{F92DC445-0274-427A-8671-C12A0C021BD4}.Debug|x86.ActiveCfg = Debug|Win32
		{F92DC445-0274-427A-8671-C12A0C021BD4}.Debug|x86.Build.0 = Debug|Win32
		{F92DC445-0274-427A-8671-C12A0C021BD4}.Release|x64.ActiveCfg = Release|x64
		{F92DC445-0274-427A-8671-C12A0C021BD4}.Release|x64.Build.0 = Release|x64
		{F92DC445-0274-427A-8671-C12A0C021BD4}.Release|x86.ActiveCfg = Release|Win32
		{F92DC445-0274-427A-8671-C12A0C021BD4}.Release|x86.Build.0 = Release|Win32
		{05652D55-4C4E-46E9-99F0-2F9AB49DB478}.Debug|x64.ActiveCfg = Debug|x64
		{05652D55-4C4E-46E9-99F0-2F9AB49DB478}.Debug|x64.Build.0 = Debug|x64
		{05652D55-4C4E-46E9-99F0-2F9AB49DB478}.Debug|x86.ActiveCfg = Debug|Win32
		{05652D55-4C4E-46E9-99F0-2F9AB49DB478}.Debug|x86.Build.0 = Debug|Win32
		{05652D55-4C4E-46E9-99F0-2F9AB49DB478}.Release|x64.ActiveCfg = Release|x64
		{05652D55-4C4E-46E9-99F0-2F9AB49DB478}.Release|x64.Build.0 = Release|x64
		{05652D55-4C4E-46E9-99F0-2F9AB49DB478}.Release|x86.ActiveCfg = Release|Win32
		{05652D55-4C4E-46E9-99F0-2F9AB49DB478}.Release|x86.Build.0 = Release|Win32
		{758E341C-99B8-455E-B626-514A4C11E37C}.Debug|x64.ActiveCfg = Debug|x64
		{758E341C-99B8-455E-B626-514A4C11E37C}.Debug|x64.Build.0 = Debug|x64
		{758E341C-99B8-455E-B626-514A4C11E37C}.Debug|x86.ActiveCfg = Debug|Win32
		{758E341C-99B8-455E-B626-514A4C11E37C}.Debug|x86.Build.0 = Debug|Win32
		{758E341C-99B8-455E-B626-514A4C11E37C}.Release|x64.ActiveCfg = Release|x64
		{758E341C-99B8-455E-B626-514A4C11E37C}.Release|x64.Build.0 = Release|x64
		{758E341C-99B8-455E-B626-514A4C11E37C}.Release|x86.ActiveCfg = Release|Win32
		{758E341C-99B8-455E-B626-514A4C11E37C}.Release|x86.Build.0 = Release|Win32
		{D0A5949B-DE5F-454C-A975-C7BA15A24FA1}.Debug|x64.ActiveCfg = Debug|x64
		{D0A5949B-DE5F-454C-A975-C7BA15A24FA1}.Debug|x64.Build.0 = Debug|x64
		{D0A5949B-DE5F-454C-A975-C7BA15A24FA1}.Debug|x86.ActiveCfg = Debug|Win32
		{D0A5949B-DE5F-454C-A975-C7BA15A24FA1}.Debug|x86.Build.0 = Debug|Win32
		{D0A5949B-DE5F-454C-A975-C7BA15A24FA1}.Release|x64.ActiveCfg = Release|x64
		{D0A5949B-DE5F-454C-A975-C7BA15A24FA1}.Release|x64.Build.0 = Release|x64
		{D0A5949B-DE5F-454C-A975-C7BA15A24FA1}.Release|x86.ActiveCfg = Release|Win32
		{D0A5949B-DE5F-454C-A975-C7BA15A24FA1}.Release|x86.Build.0 = Release|Win32
		{443BA144-A904-4E99-82CC-2F7A78A947E2}.Debug|x64.ActiveCfg = Debug|x64
		{443BA144-A904-4E99-82CC-2F7A78A947E2}.Debug|x64.Build.0 = Debug|x64
		{443BA144-A904-4E99-82CC-2F7A78A947E2}.Debug|x86.ActiveCfg = Debug|Win32
		{443BA144-A904-4E99-82CC-2F7A78A947E2}.Debug|x86.Build.0 = Debug|Win32
		{443BA144-A904-4E99-82CC-2F7A78A947E2}.Release|x64.ActiveCfg = Release|x64
		{443BA144-A904-4E99-82CC-2F7A78A947E2}.Release|x64.Build.0 = Release|x64
		{443BA144-A904-4E99-82CC-2F7A78A947E2}.Release|x86.ActiveCfg = Release|Win32
		{443BA144-A904-4E99-82CC-2F7A78A947E2}.Release|x86.Build.0 = Release|Win32
		{F7D6C914-E5CB-43AA-ABFB-9E95A76AEB72}.Debug|x64.ActiveCfg = Debug|x64
		{F7D6C914-E5CB-43AA-ABFB-9E95A76AEB72}.Debug|x64.Build.0 = Debug|x64
		{F7D6C914-E5CB-43AA-ABFB-9E95A76AEB72}.Debug|x86.ActiveCfg = Debug|Win32
		{F7D6C914-E5CB-43AA-ABFB-9E95A76AEB72}.Debug|x86.Build.0 = Debug|Win32
		{F7D6C914-E5CB-43AA-ABFB-9E95A76AEB72}.Release|x64.ActiveCfg = Release|x64
		{F7D6C914-E5CB-43AA-ABFB-9E95A76AEB72}.Release|x64.Build.0 = Release|x64
		{F7D6C914-E5CB-43AA-ABFB-9E95A76AEB72}.Release|x86.ActiveCfg = Release|Win32
		{F7D6C914-E5CB-43AA-ABFB-9E95A76AEB72}.Release|x86.Build.0 = Release|Win32
		{44E594FF-36DA-4ABB-8601-5B9F1AC16936}.Debug|x64.ActiveCfg = Debug|x64
		{44E594FF-36DA-4ABB-8601-5B9F1AC16936}.Debug|x64.Build.0 = Debug|x64
		{44E594FF-36DA-4ABB-8601-5B9F1AC16936}.Debug|x86.ActiveCfg = Debug|Win32
		{44E594FF-36DA-4ABB-8601-5B9F1AC16936}.Debug|x86.Build.0 = Debug|Win32
		{44E594FF-36DA-4ABB-8601-5B9F1AC16936}.Release|x64.ActiveCfg = Release|x64
		{44E594FF-36DA-4ABB-8601-5B9F1AC16936}.Release|x64.Build.0 = Release|x64
		{44E594FF-36DA-4ABB-8601-5B9F1AC16936}.Release|x86.ActiveCfg = Release|Win32
		{44E594FF-36DA-4ABB-8601-5B9F1AC16936}.Release|x86.Build.0 = Release|Win32
		{29831F92-5A12-4A26-ADE3-A3E3AD79A726}.Debug|x64.ActiveCfg = Debug|x64
		{29831F92-5A12-4A26-ADE3-A3E3AD79A726}.Debug|x64.Build.0 = Debug|x64
		{29831F92-5A12-4A26-ADE3-A3E3AD79A726}.Debug|x86.ActiveCfg = Debug|Win32
		{29831F92-5A12-4A26-ADE3-A3E3AD79A726}.Debug|x86.Build.0 = Debug|Win32
		{29831F92-5A12-4A26-ADE3-A3E3AD79A726}.Release|x64.ActiveCfg = Release|x64
		{29831F92-5A12-4A26-ADE3-A3E3AD79A726}.Release|x64.Build.0 = Release|x64
		{29831F92-5A12-4A26-ADE3-A3E3AD79A726}.Release|x86.ActiveCfg = Release|Win32
		{29831F92-5A12-4A26-ADE3-A3E3AD79A726}.Release|x86.Build.0 = Release|Win32
		{0BDA5424-EF3A-4E39-A250-6D4F560D0E48}.Debug|x64.ActiveCfg = Debug|x64
		{0BDA5424-EF3A-4E39-A250-6D4F560D0E48}.Debug|x64.Build.0 = Debug|x64
		{0BDA5424-EF3A-4E39-A250-6D4F560D0E48}.Debug|x86.ActiveCfg = Debug|Win32
		{0BDA5424-EF3A-4E39-A250-6D4F560D0E48}.Debug|x86.Build.0 = Debug|Win32
		{0BDA5424-EF3A-4E39-A250-6D4F560D0E48}.Release|x64.ActiveCfg = Release|x64
		{0BDA5424-EF3A-4E39-A250-6D4F560D0E48}.Release|x64.Build.0 = Release|x64
		{0BDA5424-EF3A-4E39-A250-6D4F560D0E48}.Release|x86.ActiveCfg = Release|Win32
		{0BDA5424-EF3A-4E39-A250-6D4F560D0E48}.Release|x86.Build.0 = Release|Win32
		{71D21F2D-0622-408B-A230-529BB777062F}.Debug|x64.ActiveCfg = Debug|x64
		{71D21F2D-0622-408B-A230-529BB777062F}.Debug|x64.Build.0 = Debug|x64
		{71D21F2D-0622-408B-A230-529BB777062F}.Debug|x86.ActiveCfg = Debug|Win32
		{71D21F2D-0622-408B-A230-529BB777062F}.Debug|x86.Build.0 = Debug|Win32
		{71D21F2D-0622-408B-A230-529BB777062F}.Release|x64.ActiveCfg = Release|x64
		{71D21F2D-0622-408B-A230-529BB777062F}.Release|x64.Build.0 = Release|x64
		{71D21F2D-0622-408B-A230-529BB777062F}.Release|x86.ActiveCfg = Release|Win32
		{71D21F2D-0622-408B-A230-529BB777062F}.Release|x86.Build.0 = Release|Win32
		{B7CDFE4D-16A7-4167-BBED-C359EABE86D9}.Debug|x64.ActiveCfg = Debug|x64
		{B7CDFE4D-16A7-4167-BBED-C359EABE86D9}.Debug|x64.Build.0 = Debug|x64
		{B7CDFE4D-16A7-4167-BBED-C359EABE86D9}.Debug|x86.ActiveCfg = Debug|Win32
		{B7CDFE4D-16A7-4167-BBED-C359EABE86D9}.Debug|x86.Build.0 = Debug|Win32
		{B7CDFE4D-16A7-4167-BBED-C359EABE86D9}.Release|x64.ActiveCfg = Release|x64
		{B7CDFE4D-16A7-4167-BBED-C359EABE86D9}.Release|x64.Build.0 = Release|x64
		{B7CDFE4D-16A7-4167-BBED-C359EABE86D9}.Release|x86.ActiveCfg = Release|Win32
		{B7CDFE4D-16A7-4167-BBED-C359EABE86D9}.Release|x86.Build.0 = Release|Win32
		{4FAD76CB-946F-4D37-BC9A-1644DE4855C3}.Debug|x64.ActiveCfg = Debug|x64
		{4FAD76CB-946F-4D37-BC9A-1644DE4855C3}.Debug|x64.Build.0 = Debug|x64
		{4FAD76CB-946F-4D37-BC9A-1644DE4855C3}.Debug|x86.ActiveCfg = Debug|Win32
		{4FAD76CB-946F-4D37-BC9A-1644DE4855C3}.Debug|x86.Build.0 = Debug|Win32
		{4FAD76CB-946F-4D37-BC9A-1644DE4855C3}.Release|x64.ActiveCfg = Release|x64
		{4FAD76CB-946F-4D37-BC9A-1644DE4855C3}.Release|x64.Build.0 = Release|x64
		{4FAD76CB-946F-4D37-BC9A-1644DE4855C3}.Release|x86.ActiveCfg = Release|Win32
		{4FAD76CB-946F-4D37-BC9A-1644DE4855C3}.Release|x86.Build.0 = Release|Win32
		{DE568012-E550-4814-A757-C7971B390A15}.Debug|x64.ActiveCfg = Debug|x64
		{DE568012-E550-4814-A757-C7971B390A15}.Debug|x64.Build.0 = Debug|x64
		{DE568012-E550-4814-A757-C7971B390A15}.Debug|x86.ActiveCfg = Debug|Win32
		{DE568012-E550-4814-A757-C7971B390A15}.Debug|x86.Build.0 = Debug|Win32
		{DE568012-E550-4814-A757-C7971B390A15}.Release|x64.ActiveCfg = Release|x64
		{DE568012-E550-4814-A757-C7971B390A15}.Release|x64.Build.0 = Release|x64
		{DE568012-E550-4814-A757-C7971B390A15}.Release|x86.ActiveCfg = Release|Win32
		{DE568012-E550-4814-A757-C7971B390A15}.Release|x86.Build.0 = Release|Win32
		{056476C0-7202-41A9-8509-AC6F747FA7B6}.Debug|x64.ActiveCfg = Debug|x64
		{056476C0-7202-41A9-8509-AC6F747FA7B6}.Debug|x64.Build.0 = Debug|x64
		{056476C0-7202-41A9-8509-AC6F747FA7B6}.Debug|x86.ActiveCfg = Debug|Win32
		{056476C0-7202-41A9-8509-AC6F747FA7B6}.Debug|x86.Build.0 = Debug|Win32
		{056476C0-7202-41A9-8509-AC6F747FA7B6}.Release|x64.ActiveCfg = Release|x64
		{056476C0-7202-41A9-8509-AC6F747FA7B6}.Release|x64.Build.0 = Release|x64
		{056476C0-7202-41A9-8509-AC6F747FA7B6}.Release|x86.ActiveCfg = Release|Win32
		{056476C0-7202-41A9-8509-AC6F747FA7B6}.Release|x86.Build.0 = Release|Win32
	EndGlobalSection
	GlobalSection(SolutionProperties) = preSolution
		HideSolutionNode = FALSE
	EndGlobalSection
	GlobalSection(ExtensibilityGlobals) = postSolution
		SolutionGuid = {A5200B60-A984-49F1-9F11-B5A30A594775}
	EndGlobalSection
EndGlobal
