
Microsoft Visual Studio Solution File, Format Version 12.00
# Visual Studio 15
VisualStudioVersion = 15.0.26730.16
MinimumVisualStudioVersion = 10.0.40219.1
Project("{8BC9CEB8-8B4A-11D0-8D11-00A0C91BC942}") = "LeapYear", "LeapYear\LeapYear.vcxproj", "{C784A66A-06C4-4622-B93E-206967DFA57C}"
EndProject
Project("{8BC9CEB8-8B4A-11D0-8D11-00A0C91BC942}") = "LeapYearLogical", "LeapYearLogical\LeapYearLogical.vcxproj", "{38CF188E-B553-430B-8154-C13507BA1984}"
EndProject
Project("{8BC9CEB8-8B4A-11D0-8D11-00A0C91BC942}") = "CheckCharacter", "CheckCharacter\CheckCharacter.vcxproj", "{E497457A-9849-4429-8C18-04FF05209078}"
EndProject
Project("{8BC9CEB8-8B4A-11D0-8D11-00A0C91BC942}") = "PrintNumbers", "PrintNumbers\PrintNumbers.vcxproj", "{73DCC9B2-603A-4D9E-8180-E241740D6E69}"
EndProject
Project("{8BC9CEB8-8B4A-11D0-8D11-00A0C91BC942}") = "LoopTypes", "LoopTypes\LoopTypes.vcxproj", "{3A52AD71-708E-4323-B9A2-D98907DFE0D9}"
EndProject
Project("{8BC9CEB8-8B4A-11D0-8D11-00A0C91BC942}") = "BinaryWeights", "BinaryWeights\BinaryWeights.vcxproj", "{955661C3-8875-4A13-9450-FDC99173C351}"
EndProject
Project("{8BC9CEB8-8B4A-11D0-8D11-00A0C91BC942}") = "LeibnizSeries", "LeibnizSeries\LeibnizSeries.vcxproj", "{4522F1F6-CA28-4DB7-A39A-DCDD44914999}"
EndProject
Project("{8BC9CEB8-8B4A-11D0-8D11-00A0C91BC942}") = "CodeTable", "CodeTable\CodeTable.vcxproj", "{BC737326-2EF4-4089-97B5-EBFBBC84FDBD}"
EndProject
Project("{8BC9CEB8-8B4A-11D0-8D11-00A0C91BC942}") = "RangeShort", "RangeShort\RangeShort.vcxproj", "{6A427229-A94C-4AF8-A89E-FEE531693B06}"
EndProject
Project("{8BC9CEB8-8B4A-11D0-8D11-00A0C91BC942}") = "BankAccount", "BankAccount\BankAccount.vcxproj", "{1EF0A486-2FDF-43D3-8A63-B4B29FEC78CC}"
EndProject
Project("{8BC9CEB8-8B4A-11D0-8D11-00A0C91BC942}") = "MathSeries", "MathSeries\MathSeries.vcxproj", "{C0086983-614A-4911-8DD2-BA10559126D4}"
EndProject
Project("{8BC9CEB8-8B4A-11D0-8D11-00A0C91BC942}") = "BisectionMethod", "BisectionMethod\BisectionMethod.vcxproj", "{CD3F8D44-21E0-4070-8FE2-80EB135E7CCF}"
EndProject
Project("{8BC9CEB8-8B4A-11D0-8D11-00A0C91BC942}") = "EnterPIN", "EnterPIN\EnterPIN.vcxproj", "{01B4DBCF-6B06-42BE-A043-26D42D458320}"
EndProject
Project("{8BC9CEB8-8B4A-11D0-8D11-00A0C91BC942}") = "EchoText", "EchoText\EchoText.vcxproj", "{704926E1-D49B-45EA-92CC-A7BF1FFB9DCC}"
EndProject
Project("{8BC9CEB8-8B4A-11D0-8D11-00A0C91BC942}") = "ReadInteger", "ReadInteger\ReadInteger.vcxproj", "{365F97C1-3087-4FAE-81D7-5AD1340817C3}"
EndProject
Global
	GlobalSection(SolutionConfigurationPlatforms) = preSolution
		Debug|x64 = Debug|x64
		Debug|x86 = Debug|x86
		Release|x64 = Release|x64
		Release|x86 = Release|x86
	EndGlobalSection
	GlobalSection(ProjectConfigurationPlatforms) = postSolution
		{C784A66A-06C4-4622-B93E-206967DFA57C}.Debug|x64.ActiveCfg = Debug|x64
		{C784A66A-06C4-4622-B93E-206967DFA57C}.Debug|x64.Build.0 = Debug|x64
		{C784A66A-06C4-4622-B93E-206967DFA57C}.Debug|x86.ActiveCfg = Debug|Win32
		{C784A66A-06C4-4622-B93E-206967DFA57C}.Debug|x86.Build.0 = Debug|Win32
		{C784A66A-06C4-4622-B93E-206967DFA57C}.Release|x64.ActiveCfg = Release|x64
		{C784A66A-06C4-4622-B93E-206967DFA57C}.Release|x64.Build.0 = Release|x64
		{C784A66A-06C4-4622-B93E-206967DFA57C}.Release|x86.ActiveCfg = Release|Win32
		{C784A66A-06C4-4622-B93E-206967DFA57C}.Release|x86.Build.0 = Release|Win32
		{38CF188E-B553-430B-8154-C13507BA1984}.Debug|x64.ActiveCfg = Debug|x64
		{38CF188E-B553-430B-8154-C13507BA1984}.Debug|x64.Build.0 = Debug|x64
		{38CF188E-B553-430B-8154-C13507BA1984}.Debug|x86.ActiveCfg = Debug|Win32
		{38CF188E-B553-430B-8154-C13507BA1984}.Debug|x86.Build.0 = Debug|Win32
		{38CF188E-B553-430B-8154-C13507BA1984}.Release|x64.ActiveCfg = Release|x64
		{38CF188E-B553-430B-8154-C13507BA1984}.Release|x64.Build.0 = Release|x64
		{38CF188E-B553-430B-8154-C13507BA1984}.Release|x86.ActiveCfg = Release|Win32
		{38CF188E-B553-430B-8154-C13507BA1984}.Release|x86.Build.0 = Release|Win32
		{E497457A-9849-4429-8C18-04FF05209078}.Debug|x64.ActiveCfg = Debug|x64
		{E497457A-9849-4429-8C18-04FF05209078}.Debug|x64.Build.0 = Debug|x64
		{E497457A-9849-4429-8C18-04FF05209078}.Debug|x86.ActiveCfg = Debug|Win32
		{E497457A-9849-4429-8C18-04FF05209078}.Debug|x86.Build.0 = Debug|Win32
		{E497457A-9849-4429-8C18-04FF05209078}.Release|x64.ActiveCfg = Release|x64
		{E497457A-9849-4429-8C18-04FF05209078}.Release|x64.Build.0 = Release|x64
		{E497457A-9849-4429-8C18-04FF05209078}.Release|x86.ActiveCfg = Release|Win32
		{E497457A-9849-4429-8C18-04FF05209078}.Release|x86.Build.0 = Release|Win32
		{73DCC9B2-603A-4D9E-8180-E241740D6E69}.Debug|x64.ActiveCfg = Debug|x64
		{73DCC9B2-603A-4D9E-8180-E241740D6E69}.Debug|x64.Build.0 = Debug|x64
		{73DCC9B2-603A-4D9E-8180-E241740D6E69}.Debug|x86.ActiveCfg = Debug|Win32
		{73DCC9B2-603A-4D9E-8180-E241740D6E69}.Debug|x86.Build.0 = Debug|Win32
		{73DCC9B2-603A-4D9E-8180-E241740D6E69}.Release|x64.ActiveCfg = Release|x64
		{73DCC9B2-603A-4D9E-8180-E241740D6E69}.Release|x64.Build.0 = Release|x64
		{73DCC9B2-603A-4D9E-8180-E241740D6E69}.Release|x86.ActiveCfg = Release|Win32
		{73DCC9B2-603A-4D9E-8180-E241740D6E69}.Release|x86.Build.0 = Release|Win32
		{3A52AD71-708E-4323-B9A2-D98907DFE0D9}.Debug|x64.ActiveCfg = Debug|x64
		{3A52AD71-708E-4323-B9A2-D98907DFE0D9}.Debug|x64.Build.0 = Debug|x64
		{3A52AD71-708E-4323-B9A2-D98907DFE0D9}.Debug|x86.ActiveCfg = Debug|Win32
		{3A52AD71-708E-4323-B9A2-D98907DFE0D9}.Debug|x86.Build.0 = Debug|Win32
		{3A52AD71-708E-4323-B9A2-D98907DFE0D9}.Release|x64.ActiveCfg = Release|x64
		{3A52AD71-708E-4323-B9A2-D98907DFE0D9}.Release|x64.Build.0 = Release|x64
		{3A52AD71-708E-4323-B9A2-D98907DFE0D9}.Release|x86.ActiveCfg = Release|Win32
		{3A52AD71-708E-4323-B9A2-D98907DFE0D9}.Release|x86.Build.0 = Release|Win32
		{955661C3-8875-4A13-9450-FDC99173C351}.Debug|x64.ActiveCfg = Debug|x64
		{955661C3-8875-4A13-9450-FDC99173C351}.Debug|x64.Build.0 = Debug|x64
		{955661C3-8875-4A13-9450-FDC99173C351}.Debug|x86.ActiveCfg = Debug|Win32
		{955661C3-8875-4A13-9450-FDC99173C351}.Debug|x86.Build.0 = Debug|Win32
		{955661C3-8875-4A13-9450-FDC99173C351}.Release|x64.ActiveCfg = Release|x64
		{955661C3-8875-4A13-9450-FDC99173C351}.Release|x64.Build.0 = Release|x64
		{955661C3-8875-4A13-9450-FDC99173C351}.Release|x86.ActiveCfg = Release|Win32
		{955661C3-8875-4A13-9450-FDC99173C351}.Release|x86.Build.0 = Release|Win32
		{4522F1F6-CA28-4DB7-A39A-DCDD44914999}.Debug|x64.ActiveCfg = Debug|x64
		{4522F1F6-CA28-4DB7-A39A-DCDD44914999}.Debug|x64.Build.0 = Debug|x64
		{4522F1F6-CA28-4DB7-A39A-DCDD44914999}.Debug|x86.ActiveCfg = Debug|Win32
		{4522F1F6-CA28-4DB7-A39A-DCDD44914999}.Debug|x86.Build.0 = Debug|Win32
		{4522F1F6-CA28-4DB7-A39A-DCDD44914999}.Release|x64.ActiveCfg = Release|x64
		{4522F1F6-CA28-4DB7-A39A-DCDD44914999}.Release|x64.Build.0 = Release|x64
		{4522F1F6-CA28-4DB7-A39A-DCDD44914999}.Release|x86.ActiveCfg = Release|Win32
		{4522F1F6-CA28-4DB7-A39A-DCDD44914999}.Release|x86.Build.0 = Release|Win32
		{BC737326-2EF4-4089-97B5-EBFBBC84FDBD}.Debug|x64.ActiveCfg = Debug|x64
		{BC737326-2EF4-4089-97B5-EBFBBC84FDBD}.Debug|x64.Build.0 = Debug|x64
		{BC737326-2EF4-4089-97B5-EBFBBC84FDBD}.Debug|x86.ActiveCfg = Debug|Win32
		{BC737326-2EF4-4089-97B5-EBFBBC84FDBD}.Debug|x86.Build.0 = Debug|Win32
		{BC737326-2EF4-4089-97B5-EBFBBC84FDBD}.Release|x64.ActiveCfg = Release|x64
		{BC737326-2EF4-4089-97B5-EBFBBC84FDBD}.Release|x64.Build.0 = Release|x64
		{BC737326-2EF4-4089-97B5-EBFBBC84FDBD}.Release|x86.ActiveCfg = Release|Win32
		{BC737326-2EF4-4089-97B5-EBFBBC84FDBD}.Release|x86.Build.0 = Release|Win32
		{6A427229-A94C-4AF8-A89E-FEE531693B06}.Debug|x64.ActiveCfg = Debug|x64
		{6A427229-A94C-4AF8-A89E-FEE531693B06}.Debug|x64.Build.0 = Debug|x64
		{6A427229-A94C-4AF8-A89E-FEE531693B06}.Debug|x86.ActiveCfg = Debug|Win32
		{6A427229-A94C-4AF8-A89E-FEE531693B06}.Debug|x86.Build.0 = Debug|Win32
		{6A427229-A94C-4AF8-A89E-FEE531693B06}.Release|x64.ActiveCfg = Release|x64
		{6A427229-A94C-4AF8-A89E-FEE531693B06}.Release|x64.Build.0 = Release|x64
		{6A427229-A94C-4AF8-A89E-FEE531693B06}.Release|x86.ActiveCfg = Release|Win32
		{6A427229-A94C-4AF8-A89E-FEE531693B06}.Release|x86.Build.0 = Release|Win32
		{1EF0A486-2FDF-43D3-8A63-B4B29FEC78CC}.Debug|x64.ActiveCfg = Debug|x64
		{1EF0A486-2FDF-43D3-8A63-B4B29FEC78CC}.Debug|x64.Build.0 = Debug|x64
		{1EF0A486-2FDF-43D3-8A63-B4B29FEC78CC}.Debug|x86.ActiveCfg = Debug|Win32
		{1EF0A486-2FDF-43D3-8A63-B4B29FEC78CC}.Debug|x86.Build.0 = Debug|Win32
		{1EF0A486-2FDF-43D3-8A63-B4B29FEC78CC}.Release|x64.ActiveCfg = Release|x64
		{1EF0A486-2FDF-43D3-8A63-B4B29FEC78CC}.Release|x64.Build.0 = Release|x64
		{1EF0A486-2FDF-43D3-8A63-B4B29FEC78CC}.Release|x86.ActiveCfg = Release|Win32
		{1EF0A486-2FDF-43D3-8A63-B4B29FEC78CC}.Release|x86.Build.0 = Release|Win32
		{C0086983-614A-4911-8DD2-BA10559126D4}.Debug|x64.ActiveCfg = Debug|x64
		{C0086983-614A-4911-8DD2-BA10559126D4}.Debug|x64.Build.0 = Debug|x64
		{C0086983-614A-4911-8DD2-BA10559126D4}.Debug|x86.ActiveCfg = Debug|Win32
		{C0086983-614A-4911-8DD2-BA10559126D4}.Debug|x86.Build.0 = Debug|Win32
		{C0086983-614A-4911-8DD2-BA10559126D4}.Release|x64.ActiveCfg = Release|x64
		{C0086983-614A-4911-8DD2-BA10559126D4}.Release|x64.Build.0 = Release|x64
		{C0086983-614A-4911-8DD2-BA10559126D4}.Release|x86.ActiveCfg = Release|Win32
		{C0086983-614A-4911-8DD2-BA10559126D4}.Release|x86.Build.0 = Release|Win32
		{CD3F8D44-21E0-4070-8FE2-80EB135E7CCF}.Debug|x64.ActiveCfg = Debug|x64
		{CD3F8D44-21E0-4070-8FE2-80EB135E7CCF}.Debug|x64.Build.0 = Debug|x64
		{CD3F8D44-21E0-4070-8FE2-80EB135E7CCF}.Debug|x86.ActiveCfg = Debug|Win32
		{CD3F8D44-21E0-4070-8FE2-80EB135E7CCF}.Debug|x86.Build.0 = Debug|Win32
		{CD3F8D44-21E0-4070-8FE2-80EB135E7CCF}.Release|x64.ActiveCfg = Release|x64
		{CD3F8D44-21E0-4070-8FE2-80EB135E7CCF}.Release|x64.Build.0 = Release|x64
		{CD3F8D44-21E0-4070-8FE2-80EB135E7CCF}.Release|x86.ActiveCfg = Release|Win32
		{CD3F8D44-21E0-4070-8FE2-80EB135E7CCF}.Release|x86.Build.0 = Release|Win32
		{01B4DBCF-6B06-42BE-A043-26D42D458320}.Debug|x64.ActiveCfg = Debug|x64
		{01B4DBCF-6B06-42BE-A043-26D42D458320}.Debug|x64.Build.0 = Debug|x64
		{01B4DBCF-6B06-42BE-A043-26D42D458320}.Debug|x86.ActiveCfg = Debug|Win32
		{01B4DBCF-6B06-42BE-A043-26D42D458320}.Debug|x86.Build.0 = Debug|Win32
		{01B4DBCF-6B06-42BE-A043-26D42D458320}.Release|x64.ActiveCfg = Release|x64
		{01B4DBCF-6B06-42BE-A043-26D42D458320}.Release|x64.Build.0 = Release|x64
		{01B4DBCF-6B06-42BE-A043-26D42D458320}.Release|x86.ActiveCfg = Release|Win32
		{01B4DBCF-6B06-42BE-A043-26D42D458320}.Release|x86.Build.0 = Release|Win32
		{704926E1-D49B-45EA-92CC-A7BF1FFB9DCC}.Debug|x64.ActiveCfg = Debug|x64
		{704926E1-D49B-45EA-92CC-A7BF1FFB9DCC}.Debug|x64.Build.0 = Debug|x64
		{704926E1-D49B-45EA-92CC-A7BF1FFB9DCC}.Debug|x86.ActiveCfg = Debug|Win32
		{704926E1-D49B-45EA-92CC-A7BF1FFB9DCC}.Debug|x86.Build.0 = Debug|Win32
		{704926E1-D49B-45EA-92CC-A7BF1FFB9DCC}.Release|x64.ActiveCfg = Release|x64
		{704926E1-D49B-45EA-92CC-A7BF1FFB9DCC}.Release|x64.Build.0 = Release|x64
		{704926E1-D49B-45EA-92CC-A7BF1FFB9DCC}.Release|x86.ActiveCfg = Release|Win32
		{704926E1-D49B-45EA-92CC-A7BF1FFB9DCC}.Release|x86.Build.0 = Release|Win32
		{365F97C1-3087-4FAE-81D7-5AD1340817C3}.Debug|x64.ActiveCfg = Debug|x64
		{365F97C1-3087-4FAE-81D7-5AD1340817C3}.Debug|x64.Build.0 = Debug|x64
		{365F97C1-3087-4FAE-81D7-5AD1340817C3}.Debug|x86.ActiveCfg = Debug|Win32
		{365F97C1-3087-4FAE-81D7-5AD1340817C3}.Debug|x86.Build.0 = Debug|Win32
		{365F97C1-3087-4FAE-81D7-5AD1340817C3}.Release|x64.ActiveCfg = Release|x64
		{365F97C1-3087-4FAE-81D7-5AD1340817C3}.Release|x64.Build.0 = Release|x64
		{365F97C1-3087-4FAE-81D7-5AD1340817C3}.Release|x86.ActiveCfg = Release|Win32
		{365F97C1-3087-4FAE-81D7-5AD1340817C3}.Release|x86.Build.0 = Release|Win32
	EndGlobalSection
	GlobalSection(SolutionProperties) = preSolution
		HideSolutionNode = FALSE
	EndGlobalSection
	GlobalSection(ExtensibilityGlobals) = postSolution
		SolutionGuid = {E4E55221-1466-410E-BCA1-91F428032B3F}
	EndGlobalSection
EndGlobal
